// !$*UTF8*$!
{
	archiveVersion = 1;
	classes = {
	};
	objectVersion = 50;
	objects = {

/* Begin PBXBuildFile section */
		631ECDD8246D14BD003914D2 /* Post.swift in Sources */ = {isa = PBXBuildFile; fileRef = 631ECDD7246D14BD003914D2 /* Post.swift */; };
		631ECDDA246D182C003914D2 /* PostsCollectionViewController.swift in Sources */ = {isa = PBXBuildFile; fileRef = 631ECDD9246D182C003914D2 /* PostsCollectionViewController.swift */; };
		631ECDDC246D1E15003914D2 /* PostCollectionViewCell.swift in Sources */ = {isa = PBXBuildFile; fileRef = 631ECDDB246D1E15003914D2 /* PostCollectionViewCell.swift */; };
		635E36D8246B7AD100D556A4 /* AppDelegate.swift in Sources */ = {isa = PBXBuildFile; fileRef = 635E36D7246B7AD100D556A4 /* AppDelegate.swift */; };
		635E36DA246B7AD100D556A4 /* SceneDelegate.swift in Sources */ = {isa = PBXBuildFile; fileRef = 635E36D9246B7AD100D556A4 /* SceneDelegate.swift */; };
		635E36DF246B7AD100D556A4 /* Main.storyboard in Resources */ = {isa = PBXBuildFile; fileRef = 635E36DD246B7AD100D556A4 /* Main.storyboard */; };
		635E36E1246B7AD200D556A4 /* Assets.xcassets in Resources */ = {isa = PBXBuildFile; fileRef = 635E36E0246B7AD200D556A4 /* Assets.xcassets */; };
		635E36E4246B7AD200D556A4 /* LaunchScreen.storyboard in Resources */ = {isa = PBXBuildFile; fileRef = 635E36E2246B7AD200D556A4 /* LaunchScreen.storyboard */; };
		635E36EF246B94B500D556A4 /* CameraViewController.swift in Sources */ = {isa = PBXBuildFile; fileRef = 635E36EE246B94B500D556A4 /* CameraViewController.swift */; };
		635E36F1246B951B00D556A4 /* CameraPreviewView.swift in Sources */ = {isa = PBXBuildFile; fileRef = 635E36F0246B951B00D556A4 /* CameraPreviewView.swift */; };
		635E36F4246B973400D556A4 /* MoviePlayerView.swift in Sources */ = {isa = PBXBuildFile; fileRef = 635E36F3246B973400D556A4 /* MoviePlayerView.swift */; };
		635E36F7246B983700D556A4 /* Constants.swift in Sources */ = {isa = PBXBuildFile; fileRef = 635E36F6246B983700D556A4 /* Constants.swift */; };
		63C7D969246E444E00767E21 /* PostLocationViewController.swift in Sources */ = {isa = PBXBuildFile; fileRef = 63C7D968246E444E00767E21 /* PostLocationViewController.swift */; };
/* End PBXBuildFile section */

/* Begin PBXFileReference section */
		631ECDD7246D14BD003914D2 /* Post.swift */ = {isa = PBXFileReference; lastKnownFileType = sourcecode.swift; path = Post.swift; sourceTree = "<group>"; };
		631ECDD9246D182C003914D2 /* PostsCollectionViewController.swift */ = {isa = PBXFileReference; lastKnownFileType = sourcecode.swift; path = PostsCollectionViewController.swift; sourceTree = "<group>"; };
		631ECDDB246D1E15003914D2 /* PostCollectionViewCell.swift */ = {isa = PBXFileReference; lastKnownFileType = sourcecode.swift; path = PostCollectionViewCell.swift; sourceTree = "<group>"; };
		635E36D4246B7AD100D556A4 /* VideoPosts.app */ = {isa = PBXFileReference; explicitFileType = wrapper.application; includeInIndex = 0; path = VideoPosts.app; sourceTree = BUILT_PRODUCTS_DIR; };
		635E36D7246B7AD100D556A4 /* AppDelegate.swift */ = {isa = PBXFileReference; lastKnownFileType = sourcecode.swift; path = AppDelegate.swift; sourceTree = "<group>"; };
		635E36D9246B7AD100D556A4 /* SceneDelegate.swift */ = {isa = PBXFileReference; lastKnownFileType = sourcecode.swift; path = SceneDelegate.swift; sourceTree = "<group>"; };
		635E36DE246B7AD100D556A4 /* Base */ = {isa = PBXFileReference; lastKnownFileType = file.storyboard; name = Base; path = Base.lproj/Main.storyboard; sourceTree = "<group>"; };
		635E36E0246B7AD200D556A4 /* Assets.xcassets */ = {isa = PBXFileReference; lastKnownFileType = folder.assetcatalog; path = Assets.xcassets; sourceTree = "<group>"; };
		635E36E3246B7AD200D556A4 /* Base */ = {isa = PBXFileReference; lastKnownFileType = file.storyboard; name = Base; path = Base.lproj/LaunchScreen.storyboard; sourceTree = "<group>"; };
		635E36E5246B7AD200D556A4 /* Info.plist */ = {isa = PBXFileReference; lastKnownFileType = text.plist.xml; path = Info.plist; sourceTree = "<group>"; };
		635E36EE246B94B500D556A4 /* CameraViewController.swift */ = {isa = PBXFileReference; lastKnownFileType = sourcecode.swift; path = CameraViewController.swift; sourceTree = "<group>"; };
		635E36F0246B951B00D556A4 /* CameraPreviewView.swift */ = {isa = PBXFileReference; lastKnownFileType = sourcecode.swift; path = CameraPreviewView.swift; sourceTree = "<group>"; };
		635E36F3246B973400D556A4 /* MoviePlayerView.swift */ = {isa = PBXFileReference; lastKnownFileType = sourcecode.swift; path = MoviePlayerView.swift; sourceTree = "<group>"; };
		635E36F6246B983700D556A4 /* Constants.swift */ = {isa = PBXFileReference; lastKnownFileType = sourcecode.swift; path = Constants.swift; sourceTree = "<group>"; };
		63C7D968246E444E00767E21 /* PostLocationViewController.swift */ = {isa = PBXFileReference; lastKnownFileType = sourcecode.swift; path = PostLocationViewController.swift; sourceTree = "<group>"; };
/* End PBXFileReference section */

/* Begin PBXFrameworksBuildPhase section */
		635E36D1246B7AD100D556A4 /* Frameworks */ = {
			isa = PBXFrameworksBuildPhase;
			buildActionMask = 2147483647;
			files = (
			);
			runOnlyForDeploymentPostprocessing = 0;
		};
/* End PBXFrameworksBuildPhase section */

/* Begin PBXGroup section */
		631ECDD6246D14A0003914D2 /* Model */ = {
			isa = PBXGroup;
			children = (
				631ECDD7246D14BD003914D2 /* Post.swift */,
			);
			path = Model;
			sourceTree = "<group>";
		};
		635E36CB246B7AD100D556A4 = {
			isa = PBXGroup;
			children = (
				635E36D6246B7AD100D556A4 /* VideoPosts */,
				635E36D5246B7AD100D556A4 /* Products */,
			);
			sourceTree = "<group>";
		};
		635E36D5246B7AD100D556A4 /* Products */ = {
			isa = PBXGroup;
			children = (
				635E36D4246B7AD100D556A4 /* VideoPosts.app */,
			);
			name = Products;
			sourceTree = "<group>";
		};
		635E36D6246B7AD100D556A4 /* VideoPosts */ = {
			isa = PBXGroup;
			children = (
				631ECDD6246D14A0003914D2 /* Model */,
				635E36ED246B7DEF00D556A4 /* View Controllers */,
				635E36F2246B95E600D556A4 /* Views */,
				635E36EB246B7C9D00D556A4 /* Storyboards */,
				635E36F5246B982600D556A4 /* Utilities */,
				635E36EC246B7D2E00D556A4 /* Resources */,
			);
			path = VideoPosts;
			sourceTree = "<group>";
		};
		635E36EB246B7C9D00D556A4 /* Storyboards */ = {
			isa = PBXGroup;
			children = (
				635E36DD246B7AD100D556A4 /* Main.storyboard */,
				635E36E2246B7AD200D556A4 /* LaunchScreen.storyboard */,
			);
			path = Storyboards;
			sourceTree = "<group>";
		};
		635E36EC246B7D2E00D556A4 /* Resources */ = {
			isa = PBXGroup;
			children = (
				635E36D7246B7AD100D556A4 /* AppDelegate.swift */,
				635E36D9246B7AD100D556A4 /* SceneDelegate.swift */,
				635E36E0246B7AD200D556A4 /* Assets.xcassets */,
				635E36E5246B7AD200D556A4 /* Info.plist */,
			);
			path = Resources;
			sourceTree = "<group>";
		};
		635E36ED246B7DEF00D556A4 /* View Controllers */ = {
			isa = PBXGroup;
			children = (
				635E36EE246B94B500D556A4 /* CameraViewController.swift */,
				631ECDD9246D182C003914D2 /* PostsCollectionViewController.swift */,
				63C7D968246E444E00767E21 /* PostLocationViewController.swift */,
			);
			path = "View Controllers";
			sourceTree = "<group>";
		};
		635E36F2246B95E600D556A4 /* Views */ = {
			isa = PBXGroup;
			children = (
				635E36F0246B951B00D556A4 /* CameraPreviewView.swift */,
				635E36F3246B973400D556A4 /* MoviePlayerView.swift */,
				631ECDDB246D1E15003914D2 /* PostCollectionViewCell.swift */,
			);
			path = Views;
			sourceTree = "<group>";
		};
		635E36F5246B982600D556A4 /* Utilities */ = {
			isa = PBXGroup;
			children = (
				635E36F6246B983700D556A4 /* Constants.swift */,
			);
			path = Utilities;
			sourceTree = "<group>";
		};
/* End PBXGroup section */

/* Begin PBXNativeTarget section */
		635E36D3246B7AD100D556A4 /* VideoPosts */ = {
			isa = PBXNativeTarget;
			buildConfigurationList = 635E36E8246B7AD200D556A4 /* Build configuration list for PBXNativeTarget "VideoPosts" */;
			buildPhases = (
				635E36D0246B7AD100D556A4 /* Sources */,
				635E36D1246B7AD100D556A4 /* Frameworks */,
				635E36D2246B7AD100D556A4 /* Resources */,
			);
			buildRules = (
			);
			dependencies = (
			);
			name = VideoPosts;
			productName = VideoPosts;
			productReference = 635E36D4246B7AD100D556A4 /* VideoPosts.app */;
			productType = "com.apple.product-type.application";
		};
/* End PBXNativeTarget section */

/* Begin PBXProject section */
		635E36CC246B7AD100D556A4 /* Project object */ = {
			isa = PBXProject;
			attributes = {
				LastSwiftUpdateCheck = 1140;
				LastUpgradeCheck = 1140;
				ORGANIZATIONNAME = "David Wright";
				TargetAttributes = {
					635E36D3246B7AD100D556A4 = {
						CreatedOnToolsVersion = 11.4.1;
					};
				};
			};
			buildConfigurationList = 635E36CF246B7AD100D556A4 /* Build configuration list for PBXProject "VideoPosts" */;
			compatibilityVersion = "Xcode 9.3";
			developmentRegion = en;
			hasScannedForEncodings = 0;
			knownRegions = (
				en,
				Base,
			);
			mainGroup = 635E36CB246B7AD100D556A4;
			productRefGroup = 635E36D5246B7AD100D556A4 /* Products */;
			projectDirPath = "";
			projectRoot = "";
			targets = (
				635E36D3246B7AD100D556A4 /* VideoPosts */,
			);
		};
/* End PBXProject section */

/* Begin PBXResourcesBuildPhase section */
		635E36D2246B7AD100D556A4 /* Resources */ = {
			isa = PBXResourcesBuildPhase;
			buildActionMask = 2147483647;
			files = (
				635E36E4246B7AD200D556A4 /* LaunchScreen.storyboard in Resources */,
				635E36E1246B7AD200D556A4 /* Assets.xcassets in Resources */,
				635E36DF246B7AD100D556A4 /* Main.storyboard in Resources */,
			);
			runOnlyForDeploymentPostprocessing = 0;
		};
/* End PBXResourcesBuildPhase section */

/* Begin PBXSourcesBuildPhase section */
		635E36D0246B7AD100D556A4 /* Sources */ = {
			isa = PBXSourcesBuildPhase;
			buildActionMask = 2147483647;
			files = (
				631ECDDC246D1E15003914D2 /* PostCollectionViewCell.swift in Sources */,
				635E36EF246B94B500D556A4 /* CameraViewController.swift in Sources */,
				635E36F1246B951B00D556A4 /* CameraPreviewView.swift in Sources */,
				631ECDD8246D14BD003914D2 /* Post.swift in Sources */,
				635E36D8246B7AD100D556A4 /* AppDelegate.swift in Sources */,
				635E36F7246B983700D556A4 /* Constants.swift in Sources */,
				635E36F4246B973400D556A4 /* MoviePlayerView.swift in Sources */,
				631ECDDA246D182C003914D2 /* PostsCollectionViewController.swift in Sources */,
				63C7D969246E444E00767E21 /* PostLocationViewController.swift in Sources */,
				635E36DA246B7AD100D556A4 /* SceneDelegate.swift in Sources */,
			);
			runOnlyForDeploymentPostprocessing = 0;
		};
/* End PBXSourcesBuildPhase section */

/* Begin PBXVariantGroup section */
		635E36DD246B7AD100D556A4 /* Main.storyboard */ = {
			isa = PBXVariantGroup;
			children = (
				635E36DE246B7AD100D556A4 /* Base */,
			);
			name = Main.storyboard;
			sourceTree = "<group>";
		};
		635E36E2246B7AD200D556A4 /* LaunchScreen.storyboard */ = {
			isa = PBXVariantGroup;
			children = (
				635E36E3246B7AD200D556A4 /* Base */,
			);
			name = LaunchScreen.storyboard;
			sourceTree = "<group>";
		};
/* End PBXVariantGroup section */

/* Begin XCBuildConfiguration section */
		635E36E6246B7AD200D556A4 /* Debug */ = {
			isa = XCBuildConfiguration;
			buildSettings = {
				ALWAYS_SEARCH_USER_PATHS = NO;
				CLANG_ANALYZER_NONNULL = YES;
				CLANG_ANALYZER_NUMBER_OBJECT_CONVERSION = YES_AGGRESSIVE;
				CLANG_CXX_LANGUAGE_STANDARD = "gnu++14";
				CLANG_CXX_LIBRARY = "libc++";
				CLANG_ENABLE_MODULES = YES;
				CLANG_ENABLE_OBJC_ARC = YES;
				CLANG_ENABLE_OBJC_WEAK = YES;
				CLANG_WARN_BLOCK_CAPTURE_AUTORELEASING = YES;
				CLANG_WARN_BOOL_CONVERSION = YES;
				CLANG_WARN_COMMA = YES;
				CLANG_WARN_CONSTANT_CONVERSION = YES;
				CLANG_WARN_DEPRECATED_OBJC_IMPLEMENTATIONS = YES;
				CLANG_WARN_DIRECT_OBJC_ISA_USAGE = YES_ERROR;
				CLANG_WARN_DOCUMENTATION_COMMENTS = YES;
				CLANG_WARN_EMPTY_BODY = YES;
				CLANG_WARN_ENUM_CONVERSION = YES;
				CLANG_WARN_INFINITE_RECURSION = YES;
				CLANG_WARN_INT_CONVERSION = YES;
				CLANG_WARN_NON_LITERAL_NULL_CONVERSION = YES;
				CLANG_WARN_OBJC_IMPLICIT_RETAIN_SELF = YES;
				CLANG_WARN_OBJC_LITERAL_CONVERSION = YES;
				CLANG_WARN_OBJC_ROOT_CLASS = YES_ERROR;
				CLANG_WARN_RANGE_LOOP_ANALYSIS = YES;
				CLANG_WARN_STRICT_PROTOTYPES = YES;
				CLANG_WARN_SUSPICIOUS_MOVE = YES;
				CLANG_WARN_UNGUARDED_AVAILABILITY = YES_AGGRESSIVE;
				CLANG_WARN_UNREACHABLE_CODE = YES;
				CLANG_WARN__DUPLICATE_METHOD_MATCH = YES;
				COPY_PHASE_STRIP = NO;
				DEBUG_INFORMATION_FORMAT = dwarf;
				ENABLE_STRICT_OBJC_MSGSEND = YES;
				ENABLE_TESTABILITY = YES;
				GCC_C_LANGUAGE_STANDARD = gnu11;
				GCC_DYNAMIC_NO_PIC = NO;
				GCC_NO_COMMON_BLOCKS = YES;
				GCC_OPTIMIZATION_LEVEL = 0;
				GCC_PREPROCESSOR_DEFINITIONS = (
					"DEBUG=1",
					"$(inherited)",
				);
				GCC_WARN_64_TO_32_BIT_CONVERSION = YES;
				GCC_WARN_ABOUT_RETURN_TYPE = YES_ERROR;
				GCC_WARN_UNDECLARED_SELECTOR = YES;
				GCC_WARN_UNINITIALIZED_AUTOS = YES_AGGRESSIVE;
				GCC_WARN_UNUSED_FUNCTION = YES;
				GCC_WARN_UNUSED_VARIABLE = YES;
				IPHONEOS_DEPLOYMENT_TARGET = 13.4;
				MTL_ENABLE_DEBUG_INFO = INCLUDE_SOURCE;
				MTL_FAST_MATH = YES;
				ONLY_ACTIVE_ARCH = YES;
				SDKROOT = iphoneos;
				SWIFT_ACTIVE_COMPILATION_CONDITIONS = DEBUG;
				SWIFT_OPTIMIZATION_LEVEL = "-Onone";
			};
			name = Debug;
		};
		635E36E7246B7AD200D556A4 /* Release */ = {
			isa = XCBuildConfiguration;
			buildSettings = {
				ALWAYS_SEARCH_USER_PATHS = NO;
				CLANG_ANALYZER_NONNULL = YES;
				CLANG_ANALYZER_NUMBER_OBJECT_CONVERSION = YES_AGGRESSIVE;
				CLANG_CXX_LANGUAGE_STANDARD = "gnu++14";
				CLANG_CXX_LIBRARY = "libc++";
				CLANG_ENABLE_MODULES = YES;
				CLANG_ENABLE_OBJC_ARC = YES;
				CLANG_ENABLE_OBJC_WEAK = YES;
				CLANG_WARN_BLOCK_CAPTURE_AUTORELEASING = YES;
				CLANG_WARN_BOOL_CONVERSION = YES;
				CLANG_WARN_COMMA = YES;
				CLANG_WARN_CONSTANT_CONVERSION = YES;
				CLANG_WARN_DEPRECATED_OBJC_IMPLEMENTATIONS = YES;
				CLANG_WARN_DIRECT_OBJC_ISA_USAGE = YES_ERROR;
				CLANG_WARN_DOCUMENTATION_COMMENTS = YES;
				CLANG_WARN_EMPTY_BODY = YES;
				CLANG_WARN_ENUM_CONVERSION = YES;
				CLANG_WARN_INFINITE_RECURSION = YES;
				CLANG_WARN_INT_CONVERSION = YES;
				CLANG_WARN_NON_LITERAL_NULL_CONVERSION = YES;
				CLANG_WARN_OBJC_IMPLICIT_RETAIN_SELF = YES;
				CLANG_WARN_OBJC_LITERAL_CONVERSION = YES;
				CLANG_WARN_OBJC_ROOT_CLASS = YES_ERROR;
				CLANG_WARN_RANGE_LOOP_ANALYSIS = YES;
				CLANG_WARN_STRICT_PROTOTYPES = YES;
				CLANG_WARN_SUSPICIOUS_MOVE = YES;
				CLANG_WARN_UNGUARDED_AVAILABILITY = YES_AGGRESSIVE;
				CLANG_WARN_UNREACHABLE_CODE = YES;
				CLANG_WARN__DUPLICATE_METHOD_MATCH = YES;
				COPY_PHASE_STRIP = NO;
				DEBUG_INFORMATION_FORMAT = "dwarf-with-dsym";
				ENABLE_NS_ASSERTIONS = NO;
				ENABLE_STRICT_OBJC_MSGSEND = YES;
				GCC_C_LANGUAGE_STANDARD = gnu11;
				GCC_NO_COMMON_BLOCKS = YES;
				GCC_WARN_64_TO_32_BIT_CONVERSION = YES;
				GCC_WARN_ABOUT_RETURN_TYPE = YES_ERROR;
				GCC_WARN_UNDECLARED_SELECTOR = YES;
				GCC_WARN_UNINITIALIZED_AUTOS = YES_AGGRESSIVE;
				GCC_WARN_UNUSED_FUNCTION = YES;
				GCC_WARN_UNUSED_VARIABLE = YES;
				IPHONEOS_DEPLOYMENT_TARGET = 13.4;
				MTL_ENABLE_DEBUG_INFO = NO;
				MTL_FAST_MATH = YES;
				SDKROOT = iphoneos;
				SWIFT_COMPILATION_MODE = wholemodule;
				SWIFT_OPTIMIZATION_LEVEL = "-O";
				VALIDATE_PRODUCT = YES;
			};
			name = Release;
		};
		635E36E9246B7AD200D556A4 /* Debug */ = {
			isa = XCBuildConfiguration;
			buildSettings = {
				ASSETCATALOG_COMPILER_APPICON_NAME = AppIcon;
				CODE_SIGN_STYLE = Automatic;
				DEVELOPMENT_TEAM = 3BQB6FYF6S;
				INFOPLIST_FILE = "$(SRCROOT)/VideoPosts/Resources/Info.plist";
				LD_RUNPATH_SEARCH_PATHS = (
					"$(inherited)",
					"@executable_path/Frameworks",
				);
				PRODUCT_BUNDLE_IDENTIFIER = com.lambda.davidwright.VideoPosts;
				PRODUCT_NAME = "$(TARGET_NAME)";
				SWIFT_VERSION = 5.0;
				TARGETED_DEVICE_FAMILY = "1,2";
			};
			name = Debug;
		};
		635E36EA246B7AD200D556A4 /* Release */ = {
			isa = XCBuildConfiguration;
			buildSettings = {
				ASSETCATALOG_COMPILER_APPICON_NAME = AppIcon;
				CODE_SIGN_STYLE = Automatic;
				DEVELOPMENT_TEAM = 3BQB6FYF6S;
				INFOPLIST_FILE = "$(SRCROOT)/VideoPosts/Resources/Info.plist";
				LD_RUNPATH_SEARCH_PATHS = (
					"$(inherited)",
					"@executable_path/Frameworks",
				);
				PRODUCT_BUNDLE_IDENTIFIER = com.lambda.davidwright.VideoPosts;
				PRODUCT_NAME = "$(TARGET_NAME)";
				SWIFT_VERSION = 5.0;
				TARGETED_DEVICE_FAMILY = "1,2";
			};
			name = Release;
		};
/* End XCBuildConfiguration section */

/* Begin XCConfigurationList section */
		635E36CF246B7AD100D556A4 /* Build configuration list for PBXProject "VideoPosts" */ = {
			isa = XCConfigurationList;
			buildConfigurations = (
				635E36E6246B7AD200D556A4 /* Debug */,
				635E36E7246B7AD200D556A4 /* Release */,
			);
			defaultConfigurationIsVisible = 0;
			defaultConfigurationName = Release;
		};
		635E36E8246B7AD200D556A4 /* Build configuration list for PBXNativeTarget "VideoPosts" */ = {
			isa = XCConfigurationList;
			buildConfigurations = (
				635E36E9246B7AD200D556A4 /* Debug */,
				635E36EA246B7AD200D556A4 /* Release */,
			);
			defaultConfigurationIsVisible = 0;
			defaultConfigurationName = Release;
		};
/* End XCConfigurationList section */
	};
	rootObject = 635E36CC246B7AD100D556A4 /* Project object */;
}
