// !$*UTF8*$!
{
	archiveVersion = 1;
	classes = {
	};
	objectVersion = 50;
	objects = {

/* Begin PBXBuildFile section */
		130280772463491F00D652F3 /* AppDelegate.swift in Sources */ = {isa = PBXBuildFile; fileRef = 130280762463491F00D652F3 /* AppDelegate.swift */; };
		130280792463491F00D652F3 /* SceneDelegate.swift in Sources */ = {isa = PBXBuildFile; fileRef = 130280782463491F00D652F3 /* SceneDelegate.swift */; };
		1302807E2463491F00D652F3 /* Main.storyboard in Resources */ = {isa = PBXBuildFile; fileRef = 1302807C2463491F00D652F3 /* Main.storyboard */; };
		130280802463492200D652F3 /* Assets.xcassets in Resources */ = {isa = PBXBuildFile; fileRef = 1302807F2463492200D652F3 /* Assets.xcassets */; };
		130280832463492200D652F3 /* LaunchScreen.storyboard in Resources */ = {isa = PBXBuildFile; fileRef = 130280812463492200D652F3 /* LaunchScreen.storyboard */; };
		134CF91524634FE8003F9C65 /* LandingViewController.swift in Sources */ = {isa = PBXBuildFile; fileRef = 134CF91424634FE8003F9C65 /* LandingViewController.swift */; };
		134CF919246355C9003F9C65 /* CameraPreviewView.swift in Sources */ = {isa = PBXBuildFile; fileRef = 134CF918246355C9003F9C65 /* CameraPreviewView.swift */; };
		134CF91E24635822003F9C65 /* CameraViewController.swift in Sources */ = {isa = PBXBuildFile; fileRef = 134CF91D24635822003F9C65 /* CameraViewController.swift */; };
		134CF92024635AD7003F9C65 /* Video.swift in Sources */ = {isa = PBXBuildFile; fileRef = 134CF91F24635AD7003F9C65 /* Video.swift */; };
		134CF92324635D34003F9C65 /* ViewRecordingViewController.swift in Sources */ = {isa = PBXBuildFile; fileRef = 134CF92224635D34003F9C65 /* ViewRecordingViewController.swift */; };
/* End PBXBuildFile section */

/* Begin PBXFileReference section */
		130280732463491F00D652F3 /* Video.app */ = {isa = PBXFileReference; explicitFileType = wrapper.application; includeInIndex = 0; path = Video.app; sourceTree = BUILT_PRODUCTS_DIR; };
		130280762463491F00D652F3 /* AppDelegate.swift */ = {isa = PBXFileReference; lastKnownFileType = sourcecode.swift; path = AppDelegate.swift; sourceTree = "<group>"; };
		130280782463491F00D652F3 /* SceneDelegate.swift */ = {isa = PBXFileReference; lastKnownFileType = sourcecode.swift; path = SceneDelegate.swift; sourceTree = "<group>"; };
		1302807D2463491F00D652F3 /* Base */ = {isa = PBXFileReference; lastKnownFileType = file.storyboard; name = Base; path = Base.lproj/Main.storyboard; sourceTree = "<group>"; };
		1302807F2463492200D652F3 /* Assets.xcassets */ = {isa = PBXFileReference; lastKnownFileType = folder.assetcatalog; path = Assets.xcassets; sourceTree = "<group>"; };
		130280822463492200D652F3 /* Base */ = {isa = PBXFileReference; lastKnownFileType = file.storyboard; name = Base; path = Base.lproj/LaunchScreen.storyboard; sourceTree = "<group>"; };
		130280842463492200D652F3 /* Info.plist */ = {isa = PBXFileReference; lastKnownFileType = text.plist.xml; path = Info.plist; sourceTree = "<group>"; };
		134CF91424634FE8003F9C65 /* LandingViewController.swift */ = {isa = PBXFileReference; lastKnownFileType = sourcecode.swift; path = LandingViewController.swift; sourceTree = "<group>"; };
		134CF918246355C9003F9C65 /* CameraPreviewView.swift */ = {isa = PBXFileReference; lastKnownFileType = sourcecode.swift; path = CameraPreviewView.swift; sourceTree = "<group>"; };
		134CF91D24635822003F9C65 /* CameraViewController.swift */ = {isa = PBXFileReference; lastKnownFileType = sourcecode.swift; path = CameraViewController.swift; sourceTree = "<group>"; };
		134CF91F24635AD7003F9C65 /* Video.swift */ = {isa = PBXFileReference; lastKnownFileType = sourcecode.swift; path = Video.swift; sourceTree = "<group>"; };
		134CF92224635D34003F9C65 /* ViewRecordingViewController.swift */ = {isa = PBXFileReference; lastKnownFileType = sourcecode.swift; path = ViewRecordingViewController.swift; sourceTree = "<group>"; };
/* End PBXFileReference section */

/* Begin PBXFrameworksBuildPhase section */
		130280702463491F00D652F3 /* Frameworks */ = {
			isa = PBXFrameworksBuildPhase;
			buildActionMask = 2147483647;
			files = (
			);
			runOnlyForDeploymentPostprocessing = 0;
		};
/* End PBXFrameworksBuildPhase section */

/* Begin PBXGroup section */
		1302806A2463491F00D652F3 = {
			isa = PBXGroup;
			children = (
				130280752463491F00D652F3 /* Video */,
				130280742463491F00D652F3 /* Products */,
			);
			sourceTree = "<group>";
		};
		130280742463491F00D652F3 /* Products */ = {
			isa = PBXGroup;
			children = (
				130280732463491F00D652F3 /* Video.app */,
			);
			name = Products;
			sourceTree = "<group>";
		};
		130280752463491F00D652F3 /* Video */ = {
			isa = PBXGroup;
			children = (
				1302808A2463492C00D652F3 /* Application */,
				134CF91A246355F2003F9C65 /* Views */,
				134CF916246350B5003F9C65 /* View Controllers */,
				134CF92124635ADA003F9C65 /* Models */,
				1302808B2463495100D652F3 /* Storyboards */,
			);
			path = Video;
			sourceTree = "<group>";
		};
		1302808A2463492C00D652F3 /* Application */ = {
			isa = PBXGroup;
			children = (
				130280762463491F00D652F3 /* AppDelegate.swift */,
				130280782463491F00D652F3 /* SceneDelegate.swift */,
				130280812463492200D652F3 /* LaunchScreen.storyboard */,
				130280842463492200D652F3 /* Info.plist */,
				1302807F2463492200D652F3 /* Assets.xcassets */,
			);
			path = Application;
			sourceTree = "<group>";
		};
		1302808B2463495100D652F3 /* Storyboards */ = {
			isa = PBXGroup;
			children = (
				1302807C2463491F00D652F3 /* Main.storyboard */,
			);
			path = Storyboards;
			sourceTree = "<group>";
		};
		134CF916246350B5003F9C65 /* View Controllers */ = {
			isa = PBXGroup;
			children = (
				134CF91424634FE8003F9C65 /* LandingViewController.swift */,
				134CF91D24635822003F9C65 /* CameraViewController.swift */,
				134CF92224635D34003F9C65 /* ViewRecordingViewController.swift */,
			);
			path = "View Controllers";
			sourceTree = "<group>";
		};
		134CF91A246355F2003F9C65 /* Views */ = {
			isa = PBXGroup;
			children = (
				134CF918246355C9003F9C65 /* CameraPreviewView.swift */,
			);
			path = Views;
			sourceTree = "<group>";
		};
		134CF92124635ADA003F9C65 /* Models */ = {
			isa = PBXGroup;
			children = (
				134CF91F24635AD7003F9C65 /* Video.swift */,
			);
			path = Models;
			sourceTree = "<group>";
		};
/* End PBXGroup section */

/* Begin PBXNativeTarget section */
		130280722463491F00D652F3 /* Video */ = {
			isa = PBXNativeTarget;
			buildConfigurationList = 130280872463492200D652F3 /* Build configuration list for PBXNativeTarget "Video" */;
			buildPhases = (
				1302806F2463491F00D652F3 /* Sources */,
				130280702463491F00D652F3 /* Frameworks */,
				130280712463491F00D652F3 /* Resources */,
			);
			buildRules = (
			);
			dependencies = (
			);
			name = Video;
			productName = Video;
			productReference = 130280732463491F00D652F3 /* Video.app */;
			productType = "com.apple.product-type.application";
		};
/* End PBXNativeTarget section */

/* Begin PBXProject section */
		1302806B2463491F00D652F3 /* Project object */ = {
			isa = PBXProject;
			attributes = {
				LastSwiftUpdateCheck = 1140;
				LastUpgradeCheck = 1140;
				ORGANIZATIONNAME = "Wyatt Harrell";
				TargetAttributes = {
					130280722463491F00D652F3 = {
						CreatedOnToolsVersion = 11.4.1;
					};
				};
			};
			buildConfigurationList = 1302806E2463491F00D652F3 /* Build configuration list for PBXProject "Video" */;
			compatibilityVersion = "Xcode 9.3";
			developmentRegion = en;
			hasScannedForEncodings = 0;
			knownRegions = (
				en,
				Base,
			);
			mainGroup = 1302806A2463491F00D652F3;
			productRefGroup = 130280742463491F00D652F3 /* Products */;
			projectDirPath = "";
			projectRoot = "";
			targets = (
				130280722463491F00D652F3 /* Video */,
			);
		};
/* End PBXProject section */

/* Begin PBXResourcesBuildPhase section */
		130280712463491F00D652F3 /* Resources */ = {
			isa = PBXResourcesBuildPhase;
			buildActionMask = 2147483647;
			files = (
				130280832463492200D652F3 /* LaunchScreen.storyboard in Resources */,
				130280802463492200D652F3 /* Assets.xcassets in Resources */,
				1302807E2463491F00D652F3 /* Main.storyboard in Resources */,
			);
			runOnlyForDeploymentPostprocessing = 0;
		};
/* End PBXResourcesBuildPhase section */

/* Begin PBXSourcesBuildPhase section */
		1302806F2463491F00D652F3 /* Sources */ = {
			isa = PBXSourcesBuildPhase;
			buildActionMask = 2147483647;
			files = (
				134CF919246355C9003F9C65 /* CameraPreviewView.swift in Sources */,
				134CF92024635AD7003F9C65 /* Video.swift in Sources */,
				134CF91E24635822003F9C65 /* CameraViewController.swift in Sources */,
				130280772463491F00D652F3 /* AppDelegate.swift in Sources */,
				134CF91524634FE8003F9C65 /* LandingViewController.swift in Sources */,
				134CF92324635D34003F9C65 /* ViewRecordingViewController.swift in Sources */,
				130280792463491F00D652F3 /* SceneDelegate.swift in Sources */,
			);
			runOnlyForDeploymentPostprocessing = 0;
		};
/* End PBXSourcesBuildPhase section */

/* Begin PBXVariantGroup section */
		1302807C2463491F00D652F3 /* Main.storyboard */ = {
			isa = PBXVariantGroup;
			children = (
				1302807D2463491F00D652F3 /* Base */,
			);
			name = Main.storyboard;
			sourceTree = "<group>";
		};
		130280812463492200D652F3 /* LaunchScreen.storyboard */ = {
			isa = PBXVariantGroup;
			children = (
				130280822463492200D652F3 /* Base */,
			);
			name = LaunchScreen.storyboard;
			sourceTree = "<group>";
		};
/* End PBXVariantGroup section */

/* Begin XCBuildConfiguration section */
		130280852463492200D652F3 /* Debug */ = {
			isa = XCBuildConfiguration;
			buildSettings = {
				ALWAYS_SEARCH_USER_PATHS = NO;
				CLANG_ANALYZER_NONNULL = YES;
				CLANG_ANALYZER_NUMBER_OBJECT_CONVERSION = YES_AGGRESSIVE;
				CLANG_CXX_LANGUAGE_STANDARD = "gnu++14";
				CLANG_CXX_LIBRARY = "libc++";
				CLANG_ENABLE_MODULES = YES;
				CLANG_ENABLE_OBJC_ARC = YES;
				CLANG_ENABLE_OBJC_WEAK = YES;
				CLANG_WARN_BLOCK_CAPTURE_AUTORELEASING = YES;
				CLANG_WARN_BOOL_CONVERSION = YES;
				CLANG_WARN_COMMA = YES;
				CLANG_WARN_CONSTANT_CONVERSION = YES;
				CLANG_WARN_DEPRECATED_OBJC_IMPLEMENTATIONS = YES;
				CLANG_WARN_DIRECT_OBJC_ISA_USAGE = YES_ERROR;
				CLANG_WARN_DOCUMENTATION_COMMENTS = YES;
				CLANG_WARN_EMPTY_BODY = YES;
				CLANG_WARN_ENUM_CONVERSION = YES;
				CLANG_WARN_INFINITE_RECURSION = YES;
				CLANG_WARN_INT_CONVERSION = YES;
				CLANG_WARN_NON_LITERAL_NULL_CONVERSION = YES;
				CLANG_WARN_OBJC_IMPLICIT_RETAIN_SELF = YES;
				CLANG_WARN_OBJC_LITERAL_CONVERSION = YES;
				CLANG_WARN_OBJC_ROOT_CLASS = YES_ERROR;
				CLANG_WARN_RANGE_LOOP_ANALYSIS = YES;
				CLANG_WARN_STRICT_PROTOTYPES = YES;
				CLANG_WARN_SUSPICIOUS_MOVE = YES;
				CLANG_WARN_UNGUARDED_AVAILABILITY = YES_AGGRESSIVE;
				CLANG_WARN_UNREACHABLE_CODE = YES;
				CLANG_WARN__DUPLICATE_METHOD_MATCH = YES;
				COPY_PHASE_STRIP = NO;
				DEBUG_INFORMATION_FORMAT = dwarf;
				ENABLE_STRICT_OBJC_MSGSEND = YES;
				ENABLE_TESTABILITY = YES;
				GCC_C_LANGUAGE_STANDARD = gnu11;
				GCC_DYNAMIC_NO_PIC = NO;
				GCC_NO_COMMON_BLOCKS = YES;
				GCC_OPTIMIZATION_LEVEL = 0;
				GCC_PREPROCESSOR_DEFINITIONS = (
					"DEBUG=1",
					"$(inherited)",
				);
				GCC_WARN_64_TO_32_BIT_CONVERSION = YES;
				GCC_WARN_ABOUT_RETURN_TYPE = YES_ERROR;
				GCC_WARN_UNDECLARED_SELECTOR = YES;
				GCC_WARN_UNINITIALIZED_AUTOS = YES_AGGRESSIVE;
				GCC_WARN_UNUSED_FUNCTION = YES;
				GCC_WARN_UNUSED_VARIABLE = YES;
				IPHONEOS_DEPLOYMENT_TARGET = 13.4;
				MTL_ENABLE_DEBUG_INFO = INCLUDE_SOURCE;
				MTL_FAST_MATH = YES;
				ONLY_ACTIVE_ARCH = YES;
				SDKROOT = iphoneos;
				SWIFT_ACTIVE_COMPILATION_CONDITIONS = DEBUG;
				SWIFT_OPTIMIZATION_LEVEL = "-Onone";
			};
			name = Debug;
		};
		130280862463492200D652F3 /* Release */ = {
			isa = XCBuildConfiguration;
			buildSettings = {
				ALWAYS_SEARCH_USER_PATHS = NO;
				CLANG_ANALYZER_NONNULL = YES;
				CLANG_ANALYZER_NUMBER_OBJECT_CONVERSION = YES_AGGRESSIVE;
				CLANG_CXX_LANGUAGE_STANDARD = "gnu++14";
				CLANG_CXX_LIBRARY = "libc++";
				CLANG_ENABLE_MODULES = YES;
				CLANG_ENABLE_OBJC_ARC = YES;
				CLANG_ENABLE_OBJC_WEAK = YES;
				CLANG_WARN_BLOCK_CAPTURE_AUTORELEASING = YES;
				CLANG_WARN_BOOL_CONVERSION = YES;
				CLANG_WARN_COMMA = YES;
				CLANG_WARN_CONSTANT_CONVERSION = YES;
				CLANG_WARN_DEPRECATED_OBJC_IMPLEMENTATIONS = YES;
				CLANG_WARN_DIRECT_OBJC_ISA_USAGE = YES_ERROR;
				CLANG_WARN_DOCUMENTATION_COMMENTS = YES;
				CLANG_WARN_EMPTY_BODY = YES;
				CLANG_WARN_ENUM_CONVERSION = YES;
				CLANG_WARN_INFINITE_RECURSION = YES;
				CLANG_WARN_INT_CONVERSION = YES;
				CLANG_WARN_NON_LITERAL_NULL_CONVERSION = YES;
				CLANG_WARN_OBJC_IMPLICIT_RETAIN_SELF = YES;
				CLANG_WARN_OBJC_LITERAL_CONVERSION = YES;
				CLANG_WARN_OBJC_ROOT_CLASS = YES_ERROR;
				CLANG_WARN_RANGE_LOOP_ANALYSIS = YES;
				CLANG_WARN_STRICT_PROTOTYPES = YES;
				CLANG_WARN_SUSPICIOUS_MOVE = YES;
				CLANG_WARN_UNGUARDED_AVAILABILITY = YES_AGGRESSIVE;
				CLANG_WARN_UNREACHABLE_CODE = YES;
				CLANG_WARN__DUPLICATE_METHOD_MATCH = YES;
				COPY_PHASE_STRIP = NO;
				DEBUG_INFORMATION_FORMAT = "dwarf-with-dsym";
				ENABLE_NS_ASSERTIONS = NO;
				ENABLE_STRICT_OBJC_MSGSEND = YES;
				GCC_C_LANGUAGE_STANDARD = gnu11;
				GCC_NO_COMMON_BLOCKS = YES;
				GCC_WARN_64_TO_32_BIT_CONVERSION = YES;
				GCC_WARN_ABOUT_RETURN_TYPE = YES_ERROR;
				GCC_WARN_UNDECLARED_SELECTOR = YES;
				GCC_WARN_UNINITIALIZED_AUTOS = YES_AGGRESSIVE;
				GCC_WARN_UNUSED_FUNCTION = YES;
				GCC_WARN_UNUSED_VARIABLE = YES;
				IPHONEOS_DEPLOYMENT_TARGET = 13.4;
				MTL_ENABLE_DEBUG_INFO = NO;
				MTL_FAST_MATH = YES;
				SDKROOT = iphoneos;
				SWIFT_COMPILATION_MODE = wholemodule;
				SWIFT_OPTIMIZATION_LEVEL = "-O";
				VALIDATE_PRODUCT = YES;
			};
			name = Release;
		};
		130280882463492200D652F3 /* Debug */ = {
			isa = XCBuildConfiguration;
			buildSettings = {
				ASSETCATALOG_COMPILER_APPICON_NAME = AppIcon;
				CODE_SIGN_STYLE = Automatic;
				DEVELOPMENT_TEAM = 8TUR2W3V73;
				INFOPLIST_FILE = Video/Application/Info.plist;
				LD_RUNPATH_SEARCH_PATHS = (
					"$(inherited)",
					"@executable_path/Frameworks",
				);
				PRODUCT_BUNDLE_IDENTIFIER = com.wyattharrell.Video;
				PRODUCT_NAME = "$(TARGET_NAME)";
				SWIFT_VERSION = 5.0;
				TARGETED_DEVICE_FAMILY = "1,2";
			};
			name = Debug;
		};
		130280892463492200D652F3 /* Release */ = {
			isa = XCBuildConfiguration;
			buildSettings = {
				ASSETCATALOG_COMPILER_APPICON_NAME = AppIcon;
				CODE_SIGN_STYLE = Automatic;
				DEVELOPMENT_TEAM = 8TUR2W3V73;
				INFOPLIST_FILE = Video/Application/Info.plist;
				LD_RUNPATH_SEARCH_PATHS = (
					"$(inherited)",
					"@executable_path/Frameworks",
				);
				PRODUCT_BUNDLE_IDENTIFIER = com.wyattharrell.Video;
				PRODUCT_NAME = "$(TARGET_NAME)";
				SWIFT_VERSION = 5.0;
				TARGETED_DEVICE_FAMILY = "1,2";
			};
			name = Release;
		};
/* End XCBuildConfiguration section */

/* Begin XCConfigurationList section */
		1302806E2463491F00D652F3 /* Build configuration list for PBXProject "Video" */ = {
			isa = XCConfigurationList;
			buildConfigurations = (
				130280852463492200D652F3 /* Debug */,
				130280862463492200D652F3 /* Release */,
			);
			defaultConfigurationIsVisible = 0;
			defaultConfigurationName = Release;
		};
		130280872463492200D652F3 /* Build configuration list for PBXNativeTarget "Video" */ = {
			isa = XCConfigurationList;
			buildConfigurations = (
				130280882463492200D652F3 /* Debug */,
				130280892463492200D652F3 /* Release */,
			);
			defaultConfigurationIsVisible = 0;
			defaultConfigurationName = Release;
		};
/* End XCConfigurationList section */
	};
	rootObject = 1302806B2463491F00D652F3 /* Project object */;
}
