// !$*UTF8*$!
{
	archiveVersion = 1;
	classes = {
	};
	objectVersion = 50;
	objects = {

/* Begin PBXBuildFile section */
		E393E3CC2460D4B4001C1822 /* AppDelegate.swift in Sources */ = {isa = PBXBuildFile; fileRef = E393E3CB2460D4B4001C1822 /* AppDelegate.swift */; };
		E393E3CE2460D4B4001C1822 /* SceneDelegate.swift in Sources */ = {isa = PBXBuildFile; fileRef = E393E3CD2460D4B4001C1822 /* SceneDelegate.swift */; };
		E393E3D32460D4B4001C1822 /* Main.storyboard in Resources */ = {isa = PBXBuildFile; fileRef = E393E3D12460D4B4001C1822 /* Main.storyboard */; };
		E393E3D62460D4B4001C1822 /* ImageManipulator.xcdatamodeld in Sources */ = {isa = PBXBuildFile; fileRef = E393E3D42460D4B4001C1822 /* ImageManipulator.xcdatamodeld */; };
		E393E3D82460D4B9001C1822 /* Assets.xcassets in Resources */ = {isa = PBXBuildFile; fileRef = E393E3D72460D4B9001C1822 /* Assets.xcassets */; };
		E393E3DB2460D4B9001C1822 /* LaunchScreen.storyboard in Resources */ = {isa = PBXBuildFile; fileRef = E393E3D92460D4B9001C1822 /* LaunchScreen.storyboard */; };
		E393E3E62460D4B9001C1822 /* ImageManipulatorTests.swift in Sources */ = {isa = PBXBuildFile; fileRef = E393E3E52460D4B9001C1822 /* ImageManipulatorTests.swift */; };
		E393E3F12460D4B9001C1822 /* ImageManipulatorUITests.swift in Sources */ = {isa = PBXBuildFile; fileRef = E393E3F02460D4B9001C1822 /* ImageManipulatorUITests.swift */; };
		E393E3FF2460D4DE001C1822 /* Filters.swift in Sources */ = {isa = PBXBuildFile; fileRef = E393E3FE2460D4DE001C1822 /* Filters.swift */; };
		E393E4012460D555001C1822 /* PhotoFilterViewController.swift in Sources */ = {isa = PBXBuildFile; fileRef = E393E4002460D555001C1822 /* PhotoFilterViewController.swift */; };
/* End PBXBuildFile section */

/* Begin PBXContainerItemProxy section */
		E393E3E22460D4B9001C1822 /* PBXContainerItemProxy */ = {
			isa = PBXContainerItemProxy;
			containerPortal = E393E3C02460D4B4001C1822 /* Project object */;
			proxyType = 1;
			remoteGlobalIDString = E393E3C72460D4B4001C1822;
			remoteInfo = ImageManipulator;
		};
		E393E3ED2460D4B9001C1822 /* PBXContainerItemProxy */ = {
			isa = PBXContainerItemProxy;
			containerPortal = E393E3C02460D4B4001C1822 /* Project object */;
			proxyType = 1;
			remoteGlobalIDString = E393E3C72460D4B4001C1822;
			remoteInfo = ImageManipulator;
		};
/* End PBXContainerItemProxy section */

/* Begin PBXFileReference section */
		E393E3C82460D4B4001C1822 /* ImageManipulator.app */ = {isa = PBXFileReference; explicitFileType = wrapper.application; includeInIndex = 0; path = ImageManipulator.app; sourceTree = BUILT_PRODUCTS_DIR; };
		E393E3CB2460D4B4001C1822 /* AppDelegate.swift */ = {isa = PBXFileReference; lastKnownFileType = sourcecode.swift; path = AppDelegate.swift; sourceTree = "<group>"; };
		E393E3CD2460D4B4001C1822 /* SceneDelegate.swift */ = {isa = PBXFileReference; lastKnownFileType = sourcecode.swift; path = SceneDelegate.swift; sourceTree = "<group>"; };
		E393E3D22460D4B4001C1822 /* Base */ = {isa = PBXFileReference; lastKnownFileType = file.storyboard; name = Base; path = Base.lproj/Main.storyboard; sourceTree = "<group>"; };
		E393E3D52460D4B4001C1822 /* ImageManipulator.xcdatamodel */ = {isa = PBXFileReference; lastKnownFileType = wrapper.xcdatamodel; path = ImageManipulator.xcdatamodel; sourceTree = "<group>"; };
		E393E3D72460D4B9001C1822 /* Assets.xcassets */ = {isa = PBXFileReference; lastKnownFileType = folder.assetcatalog; path = Assets.xcassets; sourceTree = "<group>"; };
		E393E3DA2460D4B9001C1822 /* Base */ = {isa = PBXFileReference; lastKnownFileType = file.storyboard; name = Base; path = Base.lproj/LaunchScreen.storyboard; sourceTree = "<group>"; };
		E393E3DC2460D4B9001C1822 /* Info.plist */ = {isa = PBXFileReference; lastKnownFileType = text.plist.xml; path = Info.plist; sourceTree = "<group>"; };
		E393E3E12460D4B9001C1822 /* ImageManipulatorTests.xctest */ = {isa = PBXFileReference; explicitFileType = wrapper.cfbundle; includeInIndex = 0; path = ImageManipulatorTests.xctest; sourceTree = BUILT_PRODUCTS_DIR; };
		E393E3E52460D4B9001C1822 /* ImageManipulatorTests.swift */ = {isa = PBXFileReference; lastKnownFileType = sourcecode.swift; path = ImageManipulatorTests.swift; sourceTree = "<group>"; };
		E393E3E72460D4B9001C1822 /* Info.plist */ = {isa = PBXFileReference; lastKnownFileType = text.plist.xml; path = Info.plist; sourceTree = "<group>"; };
		E393E3EC2460D4B9001C1822 /* ImageManipulatorUITests.xctest */ = {isa = PBXFileReference; explicitFileType = wrapper.cfbundle; includeInIndex = 0; path = ImageManipulatorUITests.xctest; sourceTree = BUILT_PRODUCTS_DIR; };
		E393E3F02460D4B9001C1822 /* ImageManipulatorUITests.swift */ = {isa = PBXFileReference; lastKnownFileType = sourcecode.swift; path = ImageManipulatorUITests.swift; sourceTree = "<group>"; };
		E393E3F22460D4B9001C1822 /* Info.plist */ = {isa = PBXFileReference; lastKnownFileType = text.plist.xml; path = Info.plist; sourceTree = "<group>"; };
		E393E3FE2460D4DE001C1822 /* Filters.swift */ = {isa = PBXFileReference; lastKnownFileType = sourcecode.swift; path = Filters.swift; sourceTree = "<group>"; };
		E393E4002460D555001C1822 /* PhotoFilterViewController.swift */ = {isa = PBXFileReference; lastKnownFileType = sourcecode.swift; path = PhotoFilterViewController.swift; sourceTree = "<group>"; };
/* End PBXFileReference section */

/* Begin PBXFrameworksBuildPhase section */
		E393E3C52460D4B4001C1822 /* Frameworks */ = {
			isa = PBXFrameworksBuildPhase;
			buildActionMask = 2147483647;
			files = (
			);
			runOnlyForDeploymentPostprocessing = 0;
		};
		E393E3DE2460D4B9001C1822 /* Frameworks */ = {
			isa = PBXFrameworksBuildPhase;
			buildActionMask = 2147483647;
			files = (
			);
			runOnlyForDeploymentPostprocessing = 0;
		};
		E393E3E92460D4B9001C1822 /* Frameworks */ = {
			isa = PBXFrameworksBuildPhase;
			buildActionMask = 2147483647;
			files = (
			);
			runOnlyForDeploymentPostprocessing = 0;
		};
/* End PBXFrameworksBuildPhase section */

/* Begin PBXGroup section */
		E393E3BF2460D4B4001C1822 = {
			isa = PBXGroup;
			children = (
				E393E3CA2460D4B4001C1822 /* ImageManipulator */,
				E393E3E42460D4B9001C1822 /* ImageManipulatorTests */,
				E393E3EF2460D4B9001C1822 /* ImageManipulatorUITests */,
				E393E3C92460D4B4001C1822 /* Products */,
			);
			sourceTree = "<group>";
		};
		E393E3C92460D4B4001C1822 /* Products */ = {
			isa = PBXGroup;
			children = (
				E393E3C82460D4B4001C1822 /* ImageManipulator.app */,
				E393E3E12460D4B9001C1822 /* ImageManipulatorTests.xctest */,
				E393E3EC2460D4B9001C1822 /* ImageManipulatorUITests.xctest */,
			);
			name = Products;
			sourceTree = "<group>";
		};
		E393E3CA2460D4B4001C1822 /* ImageManipulator */ = {
			isa = PBXGroup;
			children = (
				E393E3FE2460D4DE001C1822 /* Filters.swift */,
				E393E3CB2460D4B4001C1822 /* AppDelegate.swift */,
				E393E3CD2460D4B4001C1822 /* SceneDelegate.swift */,
				E393E3D12460D4B4001C1822 /* Main.storyboard */,
				E393E3D72460D4B9001C1822 /* Assets.xcassets */,
				E393E3D92460D4B9001C1822 /* LaunchScreen.storyboard */,
				E393E3DC2460D4B9001C1822 /* Info.plist */,
				E393E3D42460D4B4001C1822 /* ImageManipulator.xcdatamodeld */,
				E393E4002460D555001C1822 /* PhotoFilterViewController.swift */,
			);
			path = ImageManipulator;
			sourceTree = "<group>";
		};
		E393E3E42460D4B9001C1822 /* ImageManipulatorTests */ = {
			isa = PBXGroup;
			children = (
				E393E3E52460D4B9001C1822 /* ImageManipulatorTests.swift */,
				E393E3E72460D4B9001C1822 /* Info.plist */,
			);
			path = ImageManipulatorTests;
			sourceTree = "<group>";
		};
		E393E3EF2460D4B9001C1822 /* ImageManipulatorUITests */ = {
			isa = PBXGroup;
			children = (
				E393E3F02460D4B9001C1822 /* ImageManipulatorUITests.swift */,
				E393E3F22460D4B9001C1822 /* Info.plist */,
			);
			path = ImageManipulatorUITests;
			sourceTree = "<group>";
		};
/* End PBXGroup section */

/* Begin PBXNativeTarget section */
		E393E3C72460D4B4001C1822 /* ImageManipulator */ = {
			isa = PBXNativeTarget;
			buildConfigurationList = E393E3F52460D4B9001C1822 /* Build configuration list for PBXNativeTarget "ImageManipulator" */;
			buildPhases = (
				E393E3C42460D4B4001C1822 /* Sources */,
				E393E3C52460D4B4001C1822 /* Frameworks */,
				E393E3C62460D4B4001C1822 /* Resources */,
			);
			buildRules = (
			);
			dependencies = (
			);
			name = ImageManipulator;
			productName = ImageManipulator;
			productReference = E393E3C82460D4B4001C1822 /* ImageManipulator.app */;
			productType = "com.apple.product-type.application";
		};
		E393E3E02460D4B9001C1822 /* ImageManipulatorTests */ = {
			isa = PBXNativeTarget;
			buildConfigurationList = E393E3F82460D4B9001C1822 /* Build configuration list for PBXNativeTarget "ImageManipulatorTests" */;
			buildPhases = (
				E393E3DD2460D4B9001C1822 /* Sources */,
				E393E3DE2460D4B9001C1822 /* Frameworks */,
				E393E3DF2460D4B9001C1822 /* Resources */,
			);
			buildRules = (
			);
			dependencies = (
				E393E3E32460D4B9001C1822 /* PBXTargetDependency */,
			);
			name = ImageManipulatorTests;
			productName = ImageManipulatorTests;
			productReference = E393E3E12460D4B9001C1822 /* ImageManipulatorTests.xctest */;
			productType = "com.apple.product-type.bundle.unit-test";
		};
		E393E3EB2460D4B9001C1822 /* ImageManipulatorUITests */ = {
			isa = PBXNativeTarget;
			buildConfigurationList = E393E3FB2460D4B9001C1822 /* Build configuration list for PBXNativeTarget "ImageManipulatorUITests" */;
			buildPhases = (
				E393E3E82460D4B9001C1822 /* Sources */,
				E393E3E92460D4B9001C1822 /* Frameworks */,
				E393E3EA2460D4B9001C1822 /* Resources */,
			);
			buildRules = (
			);
			dependencies = (
				E393E3EE2460D4B9001C1822 /* PBXTargetDependency */,
			);
			name = ImageManipulatorUITests;
			productName = ImageManipulatorUITests;
			productReference = E393E3EC2460D4B9001C1822 /* ImageManipulatorUITests.xctest */;
			productType = "com.apple.product-type.bundle.ui-testing";
		};
/* End PBXNativeTarget section */

/* Begin PBXProject section */
		E393E3C02460D4B4001C1822 /* Project object */ = {
			isa = PBXProject;
			attributes = {
				LastSwiftUpdateCheck = 1140;
				LastUpgradeCheck = 1140;
				ORGANIZATIONNAME = Lambda;
				TargetAttributes = {
					E393E3C72460D4B4001C1822 = {
						CreatedOnToolsVersion = 11.4.1;
					};
					E393E3E02460D4B9001C1822 = {
						CreatedOnToolsVersion = 11.4.1;
						TestTargetID = E393E3C72460D4B4001C1822;
					};
					E393E3EB2460D4B9001C1822 = {
						CreatedOnToolsVersion = 11.4.1;
						TestTargetID = E393E3C72460D4B4001C1822;
					};
				};
			};
			buildConfigurationList = E393E3C32460D4B4001C1822 /* Build configuration list for PBXProject "ImageManipulator" */;
			compatibilityVersion = "Xcode 9.3";
			developmentRegion = en;
			hasScannedForEncodings = 0;
			knownRegions = (
				en,
				Base,
			);
			mainGroup = E393E3BF2460D4B4001C1822;
			productRefGroup = E393E3C92460D4B4001C1822 /* Products */;
			projectDirPath = "";
			projectRoot = "";
			targets = (
				E393E3C72460D4B4001C1822 /* ImageManipulator */,
				E393E3E02460D4B9001C1822 /* ImageManipulatorTests */,
				E393E3EB2460D4B9001C1822 /* ImageManipulatorUITests */,
			);
		};
/* End PBXProject section */

/* Begin PBXResourcesBuildPhase section */
		E393E3C62460D4B4001C1822 /* Resources */ = {
			isa = PBXResourcesBuildPhase;
			buildActionMask = 2147483647;
			files = (
				E393E3DB2460D4B9001C1822 /* LaunchScreen.storyboard in Resources */,
				E393E3D82460D4B9001C1822 /* Assets.xcassets in Resources */,
				E393E3D32460D4B4001C1822 /* Main.storyboard in Resources */,
			);
			runOnlyForDeploymentPostprocessing = 0;
		};
		E393E3DF2460D4B9001C1822 /* Resources */ = {
			isa = PBXResourcesBuildPhase;
			buildActionMask = 2147483647;
			files = (
			);
			runOnlyForDeploymentPostprocessing = 0;
		};
		E393E3EA2460D4B9001C1822 /* Resources */ = {
			isa = PBXResourcesBuildPhase;
			buildActionMask = 2147483647;
			files = (
			);
			runOnlyForDeploymentPostprocessing = 0;
		};
/* End PBXResourcesBuildPhase section */

/* Begin PBXSourcesBuildPhase section */
		E393E3C42460D4B4001C1822 /* Sources */ = {
			isa = PBXSourcesBuildPhase;
			buildActionMask = 2147483647;
			files = (
				E393E4012460D555001C1822 /* PhotoFilterViewController.swift in Sources */,
				E393E3D62460D4B4001C1822 /* ImageManipulator.xcdatamodeld in Sources */,
				E393E3FF2460D4DE001C1822 /* Filters.swift in Sources */,
				E393E3CC2460D4B4001C1822 /* AppDelegate.swift in Sources */,
				E393E3CE2460D4B4001C1822 /* SceneDelegate.swift in Sources */,
			);
			runOnlyForDeploymentPostprocessing = 0;
		};
		E393E3DD2460D4B9001C1822 /* Sources */ = {
			isa = PBXSourcesBuildPhase;
			buildActionMask = 2147483647;
			files = (
				E393E3E62460D4B9001C1822 /* ImageManipulatorTests.swift in Sources */,
			);
			runOnlyForDeploymentPostprocessing = 0;
		};
		E393E3E82460D4B9001C1822 /* Sources */ = {
			isa = PBXSourcesBuildPhase;
			buildActionMask = 2147483647;
			files = (
				E393E3F12460D4B9001C1822 /* ImageManipulatorUITests.swift in Sources */,
			);
			runOnlyForDeploymentPostprocessing = 0;
		};
/* End PBXSourcesBuildPhase section */

/* Begin PBXTargetDependency section */
		E393E3E32460D4B9001C1822 /* PBXTargetDependency */ = {
			isa = PBXTargetDependency;
			target = E393E3C72460D4B4001C1822 /* ImageManipulator */;
			targetProxy = E393E3E22460D4B9001C1822 /* PBXContainerItemProxy */;
		};
		E393E3EE2460D4B9001C1822 /* PBXTargetDependency */ = {
			isa = PBXTargetDependency;
			target = E393E3C72460D4B4001C1822 /* ImageManipulator */;
			targetProxy = E393E3ED2460D4B9001C1822 /* PBXContainerItemProxy */;
		};
/* End PBXTargetDependency section */

/* Begin PBXVariantGroup section */
		E393E3D12460D4B4001C1822 /* Main.storyboard */ = {
			isa = PBXVariantGroup;
			children = (
				E393E3D22460D4B4001C1822 /* Base */,
			);
			name = Main.storyboard;
			sourceTree = "<group>";
		};
		E393E3D92460D4B9001C1822 /* LaunchScreen.storyboard */ = {
			isa = PBXVariantGroup;
			children = (
				E393E3DA2460D4B9001C1822 /* Base */,
			);
			name = LaunchScreen.storyboard;
			sourceTree = "<group>";
		};
/* End PBXVariantGroup section */

/* Begin XCBuildConfiguration section */
		E393E3F32460D4B9001C1822 /* Debug */ = {
			isa = XCBuildConfiguration;
			buildSettings = {
				ALWAYS_SEARCH_USER_PATHS = NO;
				CLANG_ANALYZER_NONNULL = YES;
				CLANG_ANALYZER_NUMBER_OBJECT_CONVERSION = YES_AGGRESSIVE;
				CLANG_CXX_LANGUAGE_STANDARD = "gnu++14";
				CLANG_CXX_LIBRARY = "libc++";
				CLANG_ENABLE_MODULES = YES;
				CLANG_ENABLE_OBJC_ARC = YES;
				CLANG_ENABLE_OBJC_WEAK = YES;
				CLANG_WARN_BLOCK_CAPTURE_AUTORELEASING = YES;
				CLANG_WARN_BOOL_CONVERSION = YES;
				CLANG_WARN_COMMA = YES;
				CLANG_WARN_CONSTANT_CONVERSION = YES;
				CLANG_WARN_DEPRECATED_OBJC_IMPLEMENTATIONS = YES;
				CLANG_WARN_DIRECT_OBJC_ISA_USAGE = YES_ERROR;
				CLANG_WARN_DOCUMENTATION_COMMENTS = YES;
				CLANG_WARN_EMPTY_BODY = YES;
				CLANG_WARN_ENUM_CONVERSION = YES;
				CLANG_WARN_INFINITE_RECURSION = YES;
				CLANG_WARN_INT_CONVERSION = YES;
				CLANG_WARN_NON_LITERAL_NULL_CONVERSION = YES;
				CLANG_WARN_OBJC_IMPLICIT_RETAIN_SELF = YES;
				CLANG_WARN_OBJC_LITERAL_CONVERSION = YES;
				CLANG_WARN_OBJC_ROOT_CLASS = YES_ERROR;
				CLANG_WARN_RANGE_LOOP_ANALYSIS = YES;
				CLANG_WARN_STRICT_PROTOTYPES = YES;
				CLANG_WARN_SUSPICIOUS_MOVE = YES;
				CLANG_WARN_UNGUARDED_AVAILABILITY = YES_AGGRESSIVE;
				CLANG_WARN_UNREACHABLE_CODE = YES;
				CLANG_WARN__DUPLICATE_METHOD_MATCH = YES;
				COPY_PHASE_STRIP = NO;
				DEBUG_INFORMATION_FORMAT = dwarf;
				ENABLE_STRICT_OBJC_MSGSEND = YES;
				ENABLE_TESTABILITY = YES;
				GCC_C_LANGUAGE_STANDARD = gnu11;
				GCC_DYNAMIC_NO_PIC = NO;
				GCC_NO_COMMON_BLOCKS = YES;
				GCC_OPTIMIZATION_LEVEL = 0;
				GCC_PREPROCESSOR_DEFINITIONS = (
					"DEBUG=1",
					"$(inherited)",
				);
				GCC_WARN_64_TO_32_BIT_CONVERSION = YES;
				GCC_WARN_ABOUT_RETURN_TYPE = YES_ERROR;
				GCC_WARN_UNDECLARED_SELECTOR = YES;
				GCC_WARN_UNINITIALIZED_AUTOS = YES_AGGRESSIVE;
				GCC_WARN_UNUSED_FUNCTION = YES;
				GCC_WARN_UNUSED_VARIABLE = YES;
				IPHONEOS_DEPLOYMENT_TARGET = 13.4;
				MTL_ENABLE_DEBUG_INFO = INCLUDE_SOURCE;
				MTL_FAST_MATH = YES;
				ONLY_ACTIVE_ARCH = YES;
				SDKROOT = iphoneos;
				SWIFT_ACTIVE_COMPILATION_CONDITIONS = DEBUG;
				SWIFT_OPTIMIZATION_LEVEL = "-Onone";
			};
			name = Debug;
		};
		E393E3F42460D4B9001C1822 /* Release */ = {
			isa = XCBuildConfiguration;
			buildSettings = {
				ALWAYS_SEARCH_USER_PATHS = NO;
				CLANG_ANALYZER_NONNULL = YES;
				CLANG_ANALYZER_NUMBER_OBJECT_CONVERSION = YES_AGGRESSIVE;
				CLANG_CXX_LANGUAGE_STANDARD = "gnu++14";
				CLANG_CXX_LIBRARY = "libc++";
				CLANG_ENABLE_MODULES = YES;
				CLANG_ENABLE_OBJC_ARC = YES;
				CLANG_ENABLE_OBJC_WEAK = YES;
				CLANG_WARN_BLOCK_CAPTURE_AUTORELEASING = YES;
				CLANG_WARN_BOOL_CONVERSION = YES;
				CLANG_WARN_COMMA = YES;
				CLANG_WARN_CONSTANT_CONVERSION = YES;
				CLANG_WARN_DEPRECATED_OBJC_IMPLEMENTATIONS = YES;
				CLANG_WARN_DIRECT_OBJC_ISA_USAGE = YES_ERROR;
				CLANG_WARN_DOCUMENTATION_COMMENTS = YES;
				CLANG_WARN_EMPTY_BODY = YES;
				CLANG_WARN_ENUM_CONVERSION = YES;
				CLANG_WARN_INFINITE_RECURSION = YES;
				CLANG_WARN_INT_CONVERSION = YES;
				CLANG_WARN_NON_LITERAL_NULL_CONVERSION = YES;
				CLANG_WARN_OBJC_IMPLICIT_RETAIN_SELF = YES;
				CLANG_WARN_OBJC_LITERAL_CONVERSION = YES;
				CLANG_WARN_OBJC_ROOT_CLASS = YES_ERROR;
				CLANG_WARN_RANGE_LOOP_ANALYSIS = YES;
				CLANG_WARN_STRICT_PROTOTYPES = YES;
				CLANG_WARN_SUSPICIOUS_MOVE = YES;
				CLANG_WARN_UNGUARDED_AVAILABILITY = YES_AGGRESSIVE;
				CLANG_WARN_UNREACHABLE_CODE = YES;
				CLANG_WARN__DUPLICATE_METHOD_MATCH = YES;
				COPY_PHASE_STRIP = NO;
				DEBUG_INFORMATION_FORMAT = "dwarf-with-dsym";
				ENABLE_NS_ASSERTIONS = NO;
				ENABLE_STRICT_OBJC_MSGSEND = YES;
				GCC_C_LANGUAGE_STANDARD = gnu11;
				GCC_NO_COMMON_BLOCKS = YES;
				GCC_WARN_64_TO_32_BIT_CONVERSION = YES;
				GCC_WARN_ABOUT_RETURN_TYPE = YES_ERROR;
				GCC_WARN_UNDECLARED_SELECTOR = YES;
				GCC_WARN_UNINITIALIZED_AUTOS = YES_AGGRESSIVE;
				GCC_WARN_UNUSED_FUNCTION = YES;
				GCC_WARN_UNUSED_VARIABLE = YES;
				IPHONEOS_DEPLOYMENT_TARGET = 13.4;
				MTL_ENABLE_DEBUG_INFO = NO;
				MTL_FAST_MATH = YES;
				SDKROOT = iphoneos;
				SWIFT_COMPILATION_MODE = wholemodule;
				SWIFT_OPTIMIZATION_LEVEL = "-O";
				VALIDATE_PRODUCT = YES;
			};
			name = Release;
		};
		E393E3F62460D4B9001C1822 /* Debug */ = {
			isa = XCBuildConfiguration;
			buildSettings = {
				ASSETCATALOG_COMPILER_APPICON_NAME = AppIcon;
				CODE_SIGN_STYLE = Automatic;
				DEVELOPMENT_TEAM = S8ATLNTRP8;
				INFOPLIST_FILE = ImageManipulator/Info.plist;
				LD_RUNPATH_SEARCH_PATHS = (
					"$(inherited)",
					"@executable_path/Frameworks",
				);
				PRODUCT_BUNDLE_IDENTIFIER = Knopptimism.ImageManipulator;
				PRODUCT_NAME = "$(TARGET_NAME)";
				SWIFT_VERSION = 5.0;
				TARGETED_DEVICE_FAMILY = "1,2";
			};
			name = Debug;
		};
		E393E3F72460D4B9001C1822 /* Release */ = {
			isa = XCBuildConfiguration;
			buildSettings = {
				ASSETCATALOG_COMPILER_APPICON_NAME = AppIcon;
				CODE_SIGN_STYLE = Automatic;
				DEVELOPMENT_TEAM = S8ATLNTRP8;
				INFOPLIST_FILE = ImageManipulator/Info.plist;
				LD_RUNPATH_SEARCH_PATHS = (
					"$(inherited)",
					"@executable_path/Frameworks",
				);
				PRODUCT_BUNDLE_IDENTIFIER = Knopptimism.ImageManipulator;
				PRODUCT_NAME = "$(TARGET_NAME)";
				SWIFT_VERSION = 5.0;
				TARGETED_DEVICE_FAMILY = "1,2";
			};
			name = Release;
		};
		E393E3F92460D4B9001C1822 /* Debug */ = {
			isa = XCBuildConfiguration;
			buildSettings = {
				ALWAYS_EMBED_SWIFT_STANDARD_LIBRARIES = YES;
				BUNDLE_LOADER = "$(TEST_HOST)";
				CODE_SIGN_STYLE = Automatic;
				DEVELOPMENT_TEAM = S8ATLNTRP8;
				INFOPLIST_FILE = ImageManipulatorTests/Info.plist;
				IPHONEOS_DEPLOYMENT_TARGET = 13.4;
				LD_RUNPATH_SEARCH_PATHS = (
					"$(inherited)",
					"@executable_path/Frameworks",
					"@loader_path/Frameworks",
				);
				PRODUCT_BUNDLE_IDENTIFIER = Knopptimism.ImageManipulatorTests;
				PRODUCT_NAME = "$(TARGET_NAME)";
				SWIFT_VERSION = 5.0;
				TARGETED_DEVICE_FAMILY = "1,2";
				TEST_HOST = "$(BUILT_PRODUCTS_DIR)/ImageManipulator.app/ImageManipulator";
			};
			name = Debug;
		};
		E393E3FA2460D4B9001C1822 /* Release */ = {
			isa = XCBuildConfiguration;
			buildSettings = {
				ALWAYS_EMBED_SWIFT_STANDARD_LIBRARIES = YES;
				BUNDLE_LOADER = "$(TEST_HOST)";
				CODE_SIGN_STYLE = Automatic;
				DEVELOPMENT_TEAM = S8ATLNTRP8;
				INFOPLIST_FILE = ImageManipulatorTests/Info.plist;
				IPHONEOS_DEPLOYMENT_TARGET = 13.4;
				LD_RUNPATH_SEARCH_PATHS = (
					"$(inherited)",
					"@executable_path/Frameworks",
					"@loader_path/Frameworks",
				);
				PRODUCT_BUNDLE_IDENTIFIER = Knopptimism.ImageManipulatorTests;
				PRODUCT_NAME = "$(TARGET_NAME)";
				SWIFT_VERSION = 5.0;
				TARGETED_DEVICE_FAMILY = "1,2";
				TEST_HOST = "$(BUILT_PRODUCTS_DIR)/ImageManipulator.app/ImageManipulator";
			};
			name = Release;
		};
		E393E3FC2460D4B9001C1822 /* Debug */ = {
			isa = XCBuildConfiguration;
			buildSettings = {
				ALWAYS_EMBED_SWIFT_STANDARD_LIBRARIES = YES;
				CODE_SIGN_STYLE = Automatic;
				DEVELOPMENT_TEAM = S8ATLNTRP8;
				INFOPLIST_FILE = ImageManipulatorUITests/Info.plist;
				LD_RUNPATH_SEARCH_PATHS = (
					"$(inherited)",
					"@executable_path/Frameworks",
					"@loader_path/Frameworks",
				);
				PRODUCT_BUNDLE_IDENTIFIER = Knopptimism.ImageManipulatorUITests;
				PRODUCT_NAME = "$(TARGET_NAME)";
				SWIFT_VERSION = 5.0;
				TARGETED_DEVICE_FAMILY = "1,2";
				TEST_TARGET_NAME = ImageManipulator;
			};
			name = Debug;
		};
		E393E3FD2460D4B9001C1822 /* Release */ = {
			isa = XCBuildConfiguration;
			buildSettings = {
				ALWAYS_EMBED_SWIFT_STANDARD_LIBRARIES = YES;
				CODE_SIGN_STYLE = Automatic;
				DEVELOPMENT_TEAM = S8ATLNTRP8;
				INFOPLIST_FILE = ImageManipulatorUITests/Info.plist;
				LD_RUNPATH_SEARCH_PATHS = (
					"$(inherited)",
					"@executable_path/Frameworks",
					"@loader_path/Frameworks",
				);
				PRODUCT_BUNDLE_IDENTIFIER = Knopptimism.ImageManipulatorUITests;
				PRODUCT_NAME = "$(TARGET_NAME)";
				SWIFT_VERSION = 5.0;
				TARGETED_DEVICE_FAMILY = "1,2";
				TEST_TARGET_NAME = ImageManipulator;
			};
			name = Release;
		};
/* End XCBuildConfiguration section */

/* Begin XCConfigurationList section */
		E393E3C32460D4B4001C1822 /* Build configuration list for PBXProject "ImageManipulator" */ = {
			isa = XCConfigurationList;
			buildConfigurations = (
				E393E3F32460D4B9001C1822 /* Debug */,
				E393E3F42460D4B9001C1822 /* Release */,
			);
			defaultConfigurationIsVisible = 0;
			defaultConfigurationName = Release;
		};
		E393E3F52460D4B9001C1822 /* Build configuration list for PBXNativeTarget "ImageManipulator" */ = {
			isa = XCConfigurationList;
			buildConfigurations = (
				E393E3F62460D4B9001C1822 /* Debug */,
				E393E3F72460D4B9001C1822 /* Release */,
			);
			defaultConfigurationIsVisible = 0;
			defaultConfigurationName = Release;
		};
		E393E3F82460D4B9001C1822 /* Build configuration list for PBXNativeTarget "ImageManipulatorTests" */ = {
			isa = XCConfigurationList;
			buildConfigurations = (
				E393E3F92460D4B9001C1822 /* Debug */,
				E393E3FA2460D4B9001C1822 /* Release */,
			);
			defaultConfigurationIsVisible = 0;
			defaultConfigurationName = Release;
		};
		E393E3FB2460D4B9001C1822 /* Build configuration list for PBXNativeTarget "ImageManipulatorUITests" */ = {
			isa = XCConfigurationList;
			buildConfigurations = (
				E393E3FC2460D4B9001C1822 /* Debug */,
				E393E3FD2460D4B9001C1822 /* Release */,
			);
			defaultConfigurationIsVisible = 0;
			defaultConfigurationName = Release;
		};
/* End XCConfigurationList section */

/* Begin XCVersionGroup section */
		E393E3D42460D4B4001C1822 /* ImageManipulator.xcdatamodeld */ = {
			isa = XCVersionGroup;
			children = (
				E393E3D52460D4B4001C1822 /* ImageManipulator.xcdatamodel */,
			);
			currentVersion = E393E3D52460D4B4001C1822 /* ImageManipulator.xcdatamodel */;
			path = ImageManipulator.xcdatamodeld;
			sourceTree = "<group>";
			versionGroupType = wrapper.xcdatamodel;
		};
/* End XCVersionGroup section */
	};
	rootObject = E393E3C02460D4B4001C1822 /* Project object */;
}
