// !$*UTF8*$!
{
	archiveVersion = 1;
	classes = {
	};
	objectVersion = 50;
	objects = {

/* Begin PBXBuildFile section */
		04413B572463522400B61847 /* AppDelegate.swift in Sources */ = {isa = PBXBuildFile; fileRef = 04413B562463522400B61847 /* AppDelegate.swift */; };
		04413B592463522400B61847 /* SceneDelegate.swift in Sources */ = {isa = PBXBuildFile; fileRef = 04413B582463522400B61847 /* SceneDelegate.swift */; };
		04413B5B2463522400B61847 /* VideoPostViewController.swift in Sources */ = {isa = PBXBuildFile; fileRef = 04413B5A2463522400B61847 /* VideoPostViewController.swift */; };
		04413B5E2463522400B61847 /* Main.storyboard in Resources */ = {isa = PBXBuildFile; fileRef = 04413B5C2463522400B61847 /* Main.storyboard */; };
		04413B602463522700B61847 /* Assets.xcassets in Resources */ = {isa = PBXBuildFile; fileRef = 04413B5F2463522700B61847 /* Assets.xcassets */; };
		04413B632463522700B61847 /* LaunchScreen.storyboard in Resources */ = {isa = PBXBuildFile; fileRef = 04413B612463522700B61847 /* LaunchScreen.storyboard */; };
		04413B6C2463550000B61847 /* CameraPreviewView.swift in Sources */ = {isa = PBXBuildFile; fileRef = 04413B6B2463550000B61847 /* CameraPreviewView.swift */; };
		04413B6E2463556300B61847 /* VideoRecorderViewController.swift in Sources */ = {isa = PBXBuildFile; fileRef = 04413B6D2463556300B61847 /* VideoRecorderViewController.swift */; };
		04D28B02246363B40098F605 /* VideoPlayerView.swift in Sources */ = {isa = PBXBuildFile; fileRef = 04D28B01246363B40098F605 /* VideoPlayerView.swift */; };
/* End PBXBuildFile section */

/* Begin PBXFileReference section */
		04413B532463522400B61847 /* VideoPost.app */ = {isa = PBXFileReference; explicitFileType = wrapper.application; includeInIndex = 0; path = VideoPost.app; sourceTree = BUILT_PRODUCTS_DIR; };
		04413B562463522400B61847 /* AppDelegate.swift */ = {isa = PBXFileReference; lastKnownFileType = sourcecode.swift; path = AppDelegate.swift; sourceTree = "<group>"; };
		04413B582463522400B61847 /* SceneDelegate.swift */ = {isa = PBXFileReference; lastKnownFileType = sourcecode.swift; path = SceneDelegate.swift; sourceTree = "<group>"; };
		04413B5A2463522400B61847 /* VideoPostViewController.swift */ = {isa = PBXFileReference; lastKnownFileType = sourcecode.swift; path = VideoPostViewController.swift; sourceTree = "<group>"; };
		04413B5D2463522400B61847 /* Base */ = {isa = PBXFileReference; lastKnownFileType = file.storyboard; name = Base; path = Base.lproj/Main.storyboard; sourceTree = "<group>"; };
		04413B5F2463522700B61847 /* Assets.xcassets */ = {isa = PBXFileReference; lastKnownFileType = folder.assetcatalog; path = Assets.xcassets; sourceTree = "<group>"; };
		04413B622463522700B61847 /* Base */ = {isa = PBXFileReference; lastKnownFileType = file.storyboard; name = Base; path = Base.lproj/LaunchScreen.storyboard; sourceTree = "<group>"; };
		04413B642463522700B61847 /* Info.plist */ = {isa = PBXFileReference; lastKnownFileType = text.plist.xml; path = Info.plist; sourceTree = "<group>"; };
		04413B6B2463550000B61847 /* CameraPreviewView.swift */ = {isa = PBXFileReference; lastKnownFileType = sourcecode.swift; path = CameraPreviewView.swift; sourceTree = "<group>"; };
		04413B6D2463556300B61847 /* VideoRecorderViewController.swift */ = {isa = PBXFileReference; lastKnownFileType = sourcecode.swift; path = VideoRecorderViewController.swift; sourceTree = "<group>"; };
		04D28B01246363B40098F605 /* VideoPlayerView.swift */ = {isa = PBXFileReference; lastKnownFileType = sourcecode.swift; path = VideoPlayerView.swift; sourceTree = "<group>"; };
/* End PBXFileReference section */

/* Begin PBXFrameworksBuildPhase section */
		04413B502463522400B61847 /* Frameworks */ = {
			isa = PBXFrameworksBuildPhase;
			buildActionMask = 2147483647;
			files = (
			);
			runOnlyForDeploymentPostprocessing = 0;
		};
/* End PBXFrameworksBuildPhase section */

/* Begin PBXGroup section */
		04413B4A2463522400B61847 = {
			isa = PBXGroup;
			children = (
				04413B552463522400B61847 /* VideoPost */,
				04413B542463522400B61847 /* Products */,
			);
			sourceTree = "<group>";
		};
		04413B542463522400B61847 /* Products */ = {
			isa = PBXGroup;
			children = (
				04413B532463522400B61847 /* VideoPost.app */,
			);
			name = Products;
			sourceTree = "<group>";
		};
		04413B552463522400B61847 /* VideoPost */ = {
			isa = PBXGroup;
			children = (
				04413B5C2463522400B61847 /* Main.storyboard */,
				04D28B00246363920098F605 /* VideoPostViewController */,
				04413B6F2463580000B61847 /* VideoRecorderViewController */,
				04413B5F2463522700B61847 /* Assets.xcassets */,
				04413B6A246352EC00B61847 /* Resources */,
			);
			path = VideoPost;
			sourceTree = "<group>";
		};
		04413B6A246352EC00B61847 /* Resources */ = {
			isa = PBXGroup;
			children = (
				04413B562463522400B61847 /* AppDelegate.swift */,
				04413B582463522400B61847 /* SceneDelegate.swift */,
				04413B612463522700B61847 /* LaunchScreen.storyboard */,
				04413B642463522700B61847 /* Info.plist */,
			);
			path = Resources;
			sourceTree = "<group>";
		};
		04413B6F2463580000B61847 /* VideoRecorderViewController */ = {
			isa = PBXGroup;
			children = (
				04413B6D2463556300B61847 /* VideoRecorderViewController.swift */,
				04413B6B2463550000B61847 /* CameraPreviewView.swift */,
			);
			path = VideoRecorderViewController;
			sourceTree = "<group>";
		};
		04D28B00246363920098F605 /* VideoPostViewController */ = {
			isa = PBXGroup;
			children = (
				04413B5A2463522400B61847 /* VideoPostViewController.swift */,
				04D28B01246363B40098F605 /* VideoPlayerView.swift */,
			);
			path = VideoPostViewController;
			sourceTree = "<group>";
		};
/* End PBXGroup section */

/* Begin PBXNativeTarget section */
		04413B522463522400B61847 /* VideoPost */ = {
			isa = PBXNativeTarget;
			buildConfigurationList = 04413B672463522700B61847 /* Build configuration list for PBXNativeTarget "VideoPost" */;
			buildPhases = (
				04413B4F2463522400B61847 /* Sources */,
				04413B502463522400B61847 /* Frameworks */,
				04413B512463522400B61847 /* Resources */,
			);
			buildRules = (
			);
			dependencies = (
			);
			name = VideoPost;
			productName = VideoPost;
			productReference = 04413B532463522400B61847 /* VideoPost.app */;
			productType = "com.apple.product-type.application";
		};
/* End PBXNativeTarget section */

/* Begin PBXProject section */
		04413B4B2463522400B61847 /* Project object */ = {
			isa = PBXProject;
			attributes = {
				LastSwiftUpdateCheck = 1140;
				LastUpgradeCheck = 1140;
				ORGANIZATIONNAME = "Swift Student";
				TargetAttributes = {
					04413B522463522400B61847 = {
						CreatedOnToolsVersion = 11.4.1;
					};
				};
			};
			buildConfigurationList = 04413B4E2463522400B61847 /* Build configuration list for PBXProject "VideoPost" */;
			compatibilityVersion = "Xcode 9.3";
			developmentRegion = en;
			hasScannedForEncodings = 0;
			knownRegions = (
				en,
				Base,
			);
			mainGroup = 04413B4A2463522400B61847;
			productRefGroup = 04413B542463522400B61847 /* Products */;
			projectDirPath = "";
			projectRoot = "";
			targets = (
				04413B522463522400B61847 /* VideoPost */,
			);
		};
/* End PBXProject section */

/* Begin PBXResourcesBuildPhase section */
		04413B512463522400B61847 /* Resources */ = {
			isa = PBXResourcesBuildPhase;
			buildActionMask = 2147483647;
			files = (
				04413B632463522700B61847 /* LaunchScreen.storyboard in Resources */,
				04413B602463522700B61847 /* Assets.xcassets in Resources */,
				04413B5E2463522400B61847 /* Main.storyboard in Resources */,
			);
			runOnlyForDeploymentPostprocessing = 0;
		};
/* End PBXResourcesBuildPhase section */

/* Begin PBXSourcesBuildPhase section */
		04413B4F2463522400B61847 /* Sources */ = {
			isa = PBXSourcesBuildPhase;
			buildActionMask = 2147483647;
			files = (
				04413B6C2463550000B61847 /* CameraPreviewView.swift in Sources */,
				04413B6E2463556300B61847 /* VideoRecorderViewController.swift in Sources */,
				04413B5B2463522400B61847 /* VideoPostViewController.swift in Sources */,
				04413B572463522400B61847 /* AppDelegate.swift in Sources */,
				04413B592463522400B61847 /* SceneDelegate.swift in Sources */,
				04D28B02246363B40098F605 /* VideoPlayerView.swift in Sources */,
			);
			runOnlyForDeploymentPostprocessing = 0;
		};
/* End PBXSourcesBuildPhase section */

/* Begin PBXVariantGroup section */
		04413B5C2463522400B61847 /* Main.storyboard */ = {
			isa = PBXVariantGroup;
			children = (
				04413B5D2463522400B61847 /* Base */,
			);
			name = Main.storyboard;
			sourceTree = "<group>";
		};
		04413B612463522700B61847 /* LaunchScreen.storyboard */ = {
			isa = PBXVariantGroup;
			children = (
				04413B622463522700B61847 /* Base */,
			);
			name = LaunchScreen.storyboard;
			sourceTree = "<group>";
		};
/* End PBXVariantGroup section */

/* Begin XCBuildConfiguration section */
		04413B652463522700B61847 /* Debug */ = {
			isa = XCBuildConfiguration;
			buildSettings = {
				ALWAYS_SEARCH_USER_PATHS = NO;
				CLANG_ANALYZER_NONNULL = YES;
				CLANG_ANALYZER_NUMBER_OBJECT_CONVERSION = YES_AGGRESSIVE;
				CLANG_CXX_LANGUAGE_STANDARD = "gnu++14";
				CLANG_CXX_LIBRARY = "libc++";
				CLANG_ENABLE_MODULES = YES;
				CLANG_ENABLE_OBJC_ARC = YES;
				CLANG_ENABLE_OBJC_WEAK = YES;
				CLANG_WARN_BLOCK_CAPTURE_AUTORELEASING = YES;
				CLANG_WARN_BOOL_CONVERSION = YES;
				CLANG_WARN_COMMA = YES;
				CLANG_WARN_CONSTANT_CONVERSION = YES;
				CLANG_WARN_DEPRECATED_OBJC_IMPLEMENTATIONS = YES;
				CLANG_WARN_DIRECT_OBJC_ISA_USAGE = YES_ERROR;
				CLANG_WARN_DOCUMENTATION_COMMENTS = YES;
				CLANG_WARN_EMPTY_BODY = YES;
				CLANG_WARN_ENUM_CONVERSION = YES;
				CLANG_WARN_INFINITE_RECURSION = YES;
				CLANG_WARN_INT_CONVERSION = YES;
				CLANG_WARN_NON_LITERAL_NULL_CONVERSION = YES;
				CLANG_WARN_OBJC_IMPLICIT_RETAIN_SELF = YES;
				CLANG_WARN_OBJC_LITERAL_CONVERSION = YES;
				CLANG_WARN_OBJC_ROOT_CLASS = YES_ERROR;
				CLANG_WARN_RANGE_LOOP_ANALYSIS = YES;
				CLANG_WARN_STRICT_PROTOTYPES = YES;
				CLANG_WARN_SUSPICIOUS_MOVE = YES;
				CLANG_WARN_UNGUARDED_AVAILABILITY = YES_AGGRESSIVE;
				CLANG_WARN_UNREACHABLE_CODE = YES;
				CLANG_WARN__DUPLICATE_METHOD_MATCH = YES;
				COPY_PHASE_STRIP = NO;
				DEBUG_INFORMATION_FORMAT = dwarf;
				ENABLE_STRICT_OBJC_MSGSEND = YES;
				ENABLE_TESTABILITY = YES;
				GCC_C_LANGUAGE_STANDARD = gnu11;
				GCC_DYNAMIC_NO_PIC = NO;
				GCC_NO_COMMON_BLOCKS = YES;
				GCC_OPTIMIZATION_LEVEL = 0;
				GCC_PREPROCESSOR_DEFINITIONS = (
					"DEBUG=1",
					"$(inherited)",
				);
				GCC_WARN_64_TO_32_BIT_CONVERSION = YES;
				GCC_WARN_ABOUT_RETURN_TYPE = YES_ERROR;
				GCC_WARN_UNDECLARED_SELECTOR = YES;
				GCC_WARN_UNINITIALIZED_AUTOS = YES_AGGRESSIVE;
				GCC_WARN_UNUSED_FUNCTION = YES;
				GCC_WARN_UNUSED_VARIABLE = YES;
				IPHONEOS_DEPLOYMENT_TARGET = 13.4;
				MTL_ENABLE_DEBUG_INFO = INCLUDE_SOURCE;
				MTL_FAST_MATH = YES;
				ONLY_ACTIVE_ARCH = YES;
				SDKROOT = iphoneos;
				SWIFT_ACTIVE_COMPILATION_CONDITIONS = DEBUG;
				SWIFT_OPTIMIZATION_LEVEL = "-Onone";
			};
			name = Debug;
		};
		04413B662463522700B61847 /* Release */ = {
			isa = XCBuildConfiguration;
			buildSettings = {
				ALWAYS_SEARCH_USER_PATHS = NO;
				CLANG_ANALYZER_NONNULL = YES;
				CLANG_ANALYZER_NUMBER_OBJECT_CONVERSION = YES_AGGRESSIVE;
				CLANG_CXX_LANGUAGE_STANDARD = "gnu++14";
				CLANG_CXX_LIBRARY = "libc++";
				CLANG_ENABLE_MODULES = YES;
				CLANG_ENABLE_OBJC_ARC = YES;
				CLANG_ENABLE_OBJC_WEAK = YES;
				CLANG_WARN_BLOCK_CAPTURE_AUTORELEASING = YES;
				CLANG_WARN_BOOL_CONVERSION = YES;
				CLANG_WARN_COMMA = YES;
				CLANG_WARN_CONSTANT_CONVERSION = YES;
				CLANG_WARN_DEPRECATED_OBJC_IMPLEMENTATIONS = YES;
				CLANG_WARN_DIRECT_OBJC_ISA_USAGE = YES_ERROR;
				CLANG_WARN_DOCUMENTATION_COMMENTS = YES;
				CLANG_WARN_EMPTY_BODY = YES;
				CLANG_WARN_ENUM_CONVERSION = YES;
				CLANG_WARN_INFINITE_RECURSION = YES;
				CLANG_WARN_INT_CONVERSION = YES;
				CLANG_WARN_NON_LITERAL_NULL_CONVERSION = YES;
				CLANG_WARN_OBJC_IMPLICIT_RETAIN_SELF = YES;
				CLANG_WARN_OBJC_LITERAL_CONVERSION = YES;
				CLANG_WARN_OBJC_ROOT_CLASS = YES_ERROR;
				CLANG_WARN_RANGE_LOOP_ANALYSIS = YES;
				CLANG_WARN_STRICT_PROTOTYPES = YES;
				CLANG_WARN_SUSPICIOUS_MOVE = YES;
				CLANG_WARN_UNGUARDED_AVAILABILITY = YES_AGGRESSIVE;
				CLANG_WARN_UNREACHABLE_CODE = YES;
				CLANG_WARN__DUPLICATE_METHOD_MATCH = YES;
				COPY_PHASE_STRIP = NO;
				DEBUG_INFORMATION_FORMAT = "dwarf-with-dsym";
				ENABLE_NS_ASSERTIONS = NO;
				ENABLE_STRICT_OBJC_MSGSEND = YES;
				GCC_C_LANGUAGE_STANDARD = gnu11;
				GCC_NO_COMMON_BLOCKS = YES;
				GCC_WARN_64_TO_32_BIT_CONVERSION = YES;
				GCC_WARN_ABOUT_RETURN_TYPE = YES_ERROR;
				GCC_WARN_UNDECLARED_SELECTOR = YES;
				GCC_WARN_UNINITIALIZED_AUTOS = YES_AGGRESSIVE;
				GCC_WARN_UNUSED_FUNCTION = YES;
				GCC_WARN_UNUSED_VARIABLE = YES;
				IPHONEOS_DEPLOYMENT_TARGET = 13.4;
				MTL_ENABLE_DEBUG_INFO = NO;
				MTL_FAST_MATH = YES;
				SDKROOT = iphoneos;
				SWIFT_COMPILATION_MODE = wholemodule;
				SWIFT_OPTIMIZATION_LEVEL = "-O";
				VALIDATE_PRODUCT = YES;
			};
			name = Release;
		};
		04413B682463522700B61847 /* Debug */ = {
			isa = XCBuildConfiguration;
			buildSettings = {
				ASSETCATALOG_COMPILER_APPICON_NAME = AppIcon;
				CODE_SIGN_STYLE = Automatic;
				DEVELOPMENT_TEAM = 94ZMA2MYR4;
				INFOPLIST_FILE = VideoPost/Resources/Info.plist;
				IPHONEOS_DEPLOYMENT_TARGET = 13.0;
				LD_RUNPATH_SEARCH_PATHS = (
					"$(inherited)",
					"@executable_path/Frameworks",
				);
				PRODUCT_BUNDLE_IDENTIFIER = com.swiftstudent.astronomy;
				PRODUCT_NAME = "$(TARGET_NAME)";
				SWIFT_VERSION = 5.0;
				TARGETED_DEVICE_FAMILY = "1,2";
			};
			name = Debug;
		};
		04413B692463522700B61847 /* Release */ = {
			isa = XCBuildConfiguration;
			buildSettings = {
				ASSETCATALOG_COMPILER_APPICON_NAME = AppIcon;
				CODE_SIGN_STYLE = Automatic;
				DEVELOPMENT_TEAM = 94ZMA2MYR4;
				INFOPLIST_FILE = VideoPost/Resources/Info.plist;
				IPHONEOS_DEPLOYMENT_TARGET = 13.0;
				LD_RUNPATH_SEARCH_PATHS = (
					"$(inherited)",
					"@executable_path/Frameworks",
				);
				PRODUCT_BUNDLE_IDENTIFIER = com.swiftstudent.astronomy;
				PRODUCT_NAME = "$(TARGET_NAME)";
				SWIFT_VERSION = 5.0;
				TARGETED_DEVICE_FAMILY = "1,2";
			};
			name = Release;
		};
/* End XCBuildConfiguration section */

/* Begin XCConfigurationList section */
		04413B4E2463522400B61847 /* Build configuration list for PBXProject "VideoPost" */ = {
			isa = XCConfigurationList;
			buildConfigurations = (
				04413B652463522700B61847 /* Debug */,
				04413B662463522700B61847 /* Release */,
			);
			defaultConfigurationIsVisible = 0;
			defaultConfigurationName = Release;
		};
		04413B672463522700B61847 /* Build configuration list for PBXNativeTarget "VideoPost" */ = {
			isa = XCConfigurationList;
			buildConfigurations = (
				04413B682463522700B61847 /* Debug */,
				04413B692463522700B61847 /* Release */,
			);
			defaultConfigurationIsVisible = 0;
			defaultConfigurationName = Release;
		};
/* End XCConfigurationList section */
	};
	rootObject = 04413B4B2463522400B61847 /* Project object */;
}
