// !$*UTF8*$!
{
	archiveVersion = 1;
	classes = {
	};
	objectVersion = 50;
	objects = {

/* Begin PBXBuildFile section */
		27923DAE2486E2CE002EC221 /* AppDelegate.swift in Sources */ = {isa = PBXBuildFile; fileRef = 27923DAD2486E2CE002EC221 /* AppDelegate.swift */; };
		27923DB02486E2CE002EC221 /* SceneDelegate.swift in Sources */ = {isa = PBXBuildFile; fileRef = 27923DAF2486E2CE002EC221 /* SceneDelegate.swift */; };
		27923DB52486E2CE002EC221 /* Main.storyboard in Resources */ = {isa = PBXBuildFile; fileRef = 27923DB32486E2CE002EC221 /* Main.storyboard */; };
		27923DB72486E2D4002EC221 /* Assets.xcassets in Resources */ = {isa = PBXBuildFile; fileRef = 27923DB62486E2D4002EC221 /* Assets.xcassets */; };
		27923DBA2486E2D4002EC221 /* LaunchScreen.storyboard in Resources */ = {isa = PBXBuildFile; fileRef = 27923DB82486E2D4002EC221 /* LaunchScreen.storyboard */; };
		27923DC22486E821002EC221 /* AudioRecorderController.swift in Sources */ = {isa = PBXBuildFile; fileRef = 27923DC12486E821002EC221 /* AudioRecorderController.swift */; };
/* End PBXBuildFile section */

/* Begin PBXFileReference section */
		27923DAA2486E2CE002EC221 /* AudioComments.app */ = {isa = PBXFileReference; explicitFileType = wrapper.application; includeInIndex = 0; path = AudioComments.app; sourceTree = BUILT_PRODUCTS_DIR; };
		27923DAD2486E2CE002EC221 /* AppDelegate.swift */ = {isa = PBXFileReference; lastKnownFileType = sourcecode.swift; path = AppDelegate.swift; sourceTree = "<group>"; };
		27923DAF2486E2CE002EC221 /* SceneDelegate.swift */ = {isa = PBXFileReference; lastKnownFileType = sourcecode.swift; path = SceneDelegate.swift; sourceTree = "<group>"; };
		27923DB42486E2CE002EC221 /* Base */ = {isa = PBXFileReference; lastKnownFileType = file.storyboard; name = Base; path = Base.lproj/Main.storyboard; sourceTree = "<group>"; };
		27923DB62486E2D4002EC221 /* Assets.xcassets */ = {isa = PBXFileReference; lastKnownFileType = folder.assetcatalog; path = Assets.xcassets; sourceTree = "<group>"; };
		27923DB92486E2D4002EC221 /* Base */ = {isa = PBXFileReference; lastKnownFileType = file.storyboard; name = Base; path = Base.lproj/LaunchScreen.storyboard; sourceTree = "<group>"; };
		27923DBB2486E2D4002EC221 /* Info.plist */ = {isa = PBXFileReference; lastKnownFileType = text.plist.xml; path = Info.plist; sourceTree = "<group>"; };
		27923DC12486E821002EC221 /* AudioRecorderController.swift */ = {isa = PBXFileReference; lastKnownFileType = sourcecode.swift; path = AudioRecorderController.swift; sourceTree = "<group>"; };
/* End PBXFileReference section */

/* Begin PBXFrameworksBuildPhase section */
		27923DA72486E2CE002EC221 /* Frameworks */ = {
			isa = PBXFrameworksBuildPhase;
			buildActionMask = 2147483647;
			files = (
			);
			runOnlyForDeploymentPostprocessing = 0;
		};
/* End PBXFrameworksBuildPhase section */

/* Begin PBXGroup section */
		27923DA12486E2CE002EC221 = {
			isa = PBXGroup;
			children = (
				27923DAC2486E2CE002EC221 /* AudioComments */,
				27923DAB2486E2CE002EC221 /* Products */,
			);
			sourceTree = "<group>";
		};
		27923DAB2486E2CE002EC221 /* Products */ = {
			isa = PBXGroup;
			children = (
				27923DAA2486E2CE002EC221 /* AudioComments.app */,
			);
			name = Products;
			sourceTree = "<group>";
		};
		27923DAC2486E2CE002EC221 /* AudioComments */ = {
			isa = PBXGroup;
			children = (
				27923DAD2486E2CE002EC221 /* AppDelegate.swift */,
				27923DAF2486E2CE002EC221 /* SceneDelegate.swift */,
				27923DC12486E821002EC221 /* AudioRecorderController.swift */,
				27923DB32486E2CE002EC221 /* Main.storyboard */,
				27923DB62486E2D4002EC221 /* Assets.xcassets */,
				27923DB82486E2D4002EC221 /* LaunchScreen.storyboard */,
				27923DBB2486E2D4002EC221 /* Info.plist */,
			);
			path = AudioComments;
			sourceTree = "<group>";
		};
/* End PBXGroup section */

/* Begin PBXNativeTarget section */
		27923DA92486E2CE002EC221 /* AudioComments */ = {
			isa = PBXNativeTarget;
			buildConfigurationList = 27923DBE2486E2D4002EC221 /* Build configuration list for PBXNativeTarget "AudioComments" */;
			buildPhases = (
				27923DA62486E2CE002EC221 /* Sources */,
				27923DA72486E2CE002EC221 /* Frameworks */,
				27923DA82486E2CE002EC221 /* Resources */,
			);
			buildRules = (
			);
			dependencies = (
			);
			name = AudioComments;
			productName = AudioComments;
			productReference = 27923DAA2486E2CE002EC221 /* AudioComments.app */;
			productType = "com.apple.product-type.application";
		};
/* End PBXNativeTarget section */

/* Begin PBXProject section */
		27923DA22486E2CE002EC221 /* Project object */ = {
			isa = PBXProject;
			attributes = {
				LastSwiftUpdateCheck = 1150;
				LastUpgradeCheck = 1150;
				ORGANIZATIONNAME = "Chris Dobek";
				TargetAttributes = {
					27923DA92486E2CE002EC221 = {
						CreatedOnToolsVersion = 11.5;
					};
				};
			};
			buildConfigurationList = 27923DA52486E2CE002EC221 /* Build configuration list for PBXProject "AudioComments" */;
			compatibilityVersion = "Xcode 9.3";
			developmentRegion = en;
			hasScannedForEncodings = 0;
			knownRegions = (
				en,
				Base,
			);
			mainGroup = 27923DA12486E2CE002EC221;
			productRefGroup = 27923DAB2486E2CE002EC221 /* Products */;
			projectDirPath = "";
			projectRoot = "";
			targets = (
				27923DA92486E2CE002EC221 /* AudioComments */,
			);
		};
/* End PBXProject section */

/* Begin PBXResourcesBuildPhase section */
		27923DA82486E2CE002EC221 /* Resources */ = {
			isa = PBXResourcesBuildPhase;
			buildActionMask = 2147483647;
			files = (
				27923DBA2486E2D4002EC221 /* LaunchScreen.storyboard in Resources */,
				27923DB72486E2D4002EC221 /* Assets.xcassets in Resources */,
				27923DB52486E2CE002EC221 /* Main.storyboard in Resources */,
			);
			runOnlyForDeploymentPostprocessing = 0;
		};
/* End PBXResourcesBuildPhase section */

/* Begin PBXSourcesBuildPhase section */
		27923DA62486E2CE002EC221 /* Sources */ = {
			isa = PBXSourcesBuildPhase;
			buildActionMask = 2147483647;
			files = (
				27923DAE2486E2CE002EC221 /* AppDelegate.swift in Sources */,
				27923DC22486E821002EC221 /* AudioRecorderController.swift in Sources */,
				27923DB02486E2CE002EC221 /* SceneDelegate.swift in Sources */,
			);
			runOnlyForDeploymentPostprocessing = 0;
		};
/* End PBXSourcesBuildPhase section */

/* Begin PBXVariantGroup section */
		27923DB32486E2CE002EC221 /* Main.storyboard */ = {
			isa = PBXVariantGroup;
			children = (
				27923DB42486E2CE002EC221 /* Base */,
			);
			name = Main.storyboard;
			sourceTree = "<group>";
		};
		27923DB82486E2D4002EC221 /* LaunchScreen.storyboard */ = {
			isa = PBXVariantGroup;
			children = (
				27923DB92486E2D4002EC221 /* Base */,
			);
			name = LaunchScreen.storyboard;
			sourceTree = "<group>";
		};
/* End PBXVariantGroup section */

/* Begin XCBuildConfiguration section */
		27923DBC2486E2D4002EC221 /* Debug */ = {
			isa = XCBuildConfiguration;
			buildSettings = {
				ALWAYS_SEARCH_USER_PATHS = NO;
				CLANG_ANALYZER_NONNULL = YES;
				CLANG_ANALYZER_NUMBER_OBJECT_CONVERSION = YES_AGGRESSIVE;
				CLANG_CXX_LANGUAGE_STANDARD = "gnu++14";
				CLANG_CXX_LIBRARY = "libc++";
				CLANG_ENABLE_MODULES = YES;
				CLANG_ENABLE_OBJC_ARC = YES;
				CLANG_ENABLE_OBJC_WEAK = YES;
				CLANG_WARN_BLOCK_CAPTURE_AUTORELEASING = YES;
				CLANG_WARN_BOOL_CONVERSION = YES;
				CLANG_WARN_COMMA = YES;
				CLANG_WARN_CONSTANT_CONVERSION = YES;
				CLANG_WARN_DEPRECATED_OBJC_IMPLEMENTATIONS = YES;
				CLANG_WARN_DIRECT_OBJC_ISA_USAGE = YES_ERROR;
				CLANG_WARN_DOCUMENTATION_COMMENTS = YES;
				CLANG_WARN_EMPTY_BODY = YES;
				CLANG_WARN_ENUM_CONVERSION = YES;
				CLANG_WARN_INFINITE_RECURSION = YES;
				CLANG_WARN_INT_CONVERSION = YES;
				CLANG_WARN_NON_LITERAL_NULL_CONVERSION = YES;
				CLANG_WARN_OBJC_IMPLICIT_RETAIN_SELF = YES;
				CLANG_WARN_OBJC_LITERAL_CONVERSION = YES;
				CLANG_WARN_OBJC_ROOT_CLASS = YES_ERROR;
				CLANG_WARN_RANGE_LOOP_ANALYSIS = YES;
				CLANG_WARN_STRICT_PROTOTYPES = YES;
				CLANG_WARN_SUSPICIOUS_MOVE = YES;
				CLANG_WARN_UNGUARDED_AVAILABILITY = YES_AGGRESSIVE;
				CLANG_WARN_UNREACHABLE_CODE = YES;
				CLANG_WARN__DUPLICATE_METHOD_MATCH = YES;
				COPY_PHASE_STRIP = NO;
				DEBUG_INFORMATION_FORMAT = dwarf;
				ENABLE_STRICT_OBJC_MSGSEND = YES;
				ENABLE_TESTABILITY = YES;
				GCC_C_LANGUAGE_STANDARD = gnu11;
				GCC_DYNAMIC_NO_PIC = NO;
				GCC_NO_COMMON_BLOCKS = YES;
				GCC_OPTIMIZATION_LEVEL = 0;
				GCC_PREPROCESSOR_DEFINITIONS = (
					"DEBUG=1",
					"$(inherited)",
				);
				GCC_WARN_64_TO_32_BIT_CONVERSION = YES;
				GCC_WARN_ABOUT_RETURN_TYPE = YES_ERROR;
				GCC_WARN_UNDECLARED_SELECTOR = YES;
				GCC_WARN_UNINITIALIZED_AUTOS = YES_AGGRESSIVE;
				GCC_WARN_UNUSED_FUNCTION = YES;
				GCC_WARN_UNUSED_VARIABLE = YES;
				IPHONEOS_DEPLOYMENT_TARGET = 13.5;
				MTL_ENABLE_DEBUG_INFO = INCLUDE_SOURCE;
				MTL_FAST_MATH = YES;
				ONLY_ACTIVE_ARCH = YES;
				SDKROOT = iphoneos;
				SWIFT_ACTIVE_COMPILATION_CONDITIONS = DEBUG;
				SWIFT_OPTIMIZATION_LEVEL = "-Onone";
			};
			name = Debug;
		};
		27923DBD2486E2D4002EC221 /* Release */ = {
			isa = XCBuildConfiguration;
			buildSettings = {
				ALWAYS_SEARCH_USER_PATHS = NO;
				CLANG_ANALYZER_NONNULL = YES;
				CLANG_ANALYZER_NUMBER_OBJECT_CONVERSION = YES_AGGRESSIVE;
				CLANG_CXX_LANGUAGE_STANDARD = "gnu++14";
				CLANG_CXX_LIBRARY = "libc++";
				CLANG_ENABLE_MODULES = YES;
				CLANG_ENABLE_OBJC_ARC = YES;
				CLANG_ENABLE_OBJC_WEAK = YES;
				CLANG_WARN_BLOCK_CAPTURE_AUTORELEASING = YES;
				CLANG_WARN_BOOL_CONVERSION = YES;
				CLANG_WARN_COMMA = YES;
				CLANG_WARN_CONSTANT_CONVERSION = YES;
				CLANG_WARN_DEPRECATED_OBJC_IMPLEMENTATIONS = YES;
				CLANG_WARN_DIRECT_OBJC_ISA_USAGE = YES_ERROR;
				CLANG_WARN_DOCUMENTATION_COMMENTS = YES;
				CLANG_WARN_EMPTY_BODY = YES;
				CLANG_WARN_ENUM_CONVERSION = YES;
				CLANG_WARN_INFINITE_RECURSION = YES;
				CLANG_WARN_INT_CONVERSION = YES;
				CLANG_WARN_NON_LITERAL_NULL_CONVERSION = YES;
				CLANG_WARN_OBJC_IMPLICIT_RETAIN_SELF = YES;
				CLANG_WARN_OBJC_LITERAL_CONVERSION = YES;
				CLANG_WARN_OBJC_ROOT_CLASS = YES_ERROR;
				CLANG_WARN_RANGE_LOOP_ANALYSIS = YES;
				CLANG_WARN_STRICT_PROTOTYPES = YES;
				CLANG_WARN_SUSPICIOUS_MOVE = YES;
				CLANG_WARN_UNGUARDED_AVAILABILITY = YES_AGGRESSIVE;
				CLANG_WARN_UNREACHABLE_CODE = YES;
				CLANG_WARN__DUPLICATE_METHOD_MATCH = YES;
				COPY_PHASE_STRIP = NO;
				DEBUG_INFORMATION_FORMAT = "dwarf-with-dsym";
				ENABLE_NS_ASSERTIONS = NO;
				ENABLE_STRICT_OBJC_MSGSEND = YES;
				GCC_C_LANGUAGE_STANDARD = gnu11;
				GCC_NO_COMMON_BLOCKS = YES;
				GCC_WARN_64_TO_32_BIT_CONVERSION = YES;
				GCC_WARN_ABOUT_RETURN_TYPE = YES_ERROR;
				GCC_WARN_UNDECLARED_SELECTOR = YES;
				GCC_WARN_UNINITIALIZED_AUTOS = YES_AGGRESSIVE;
				GCC_WARN_UNUSED_FUNCTION = YES;
				GCC_WARN_UNUSED_VARIABLE = YES;
				IPHONEOS_DEPLOYMENT_TARGET = 13.5;
				MTL_ENABLE_DEBUG_INFO = NO;
				MTL_FAST_MATH = YES;
				SDKROOT = iphoneos;
				SWIFT_COMPILATION_MODE = wholemodule;
				SWIFT_OPTIMIZATION_LEVEL = "-O";
				VALIDATE_PRODUCT = YES;
			};
			name = Release;
		};
		27923DBF2486E2D4002EC221 /* Debug */ = {
			isa = XCBuildConfiguration;
			buildSettings = {
				ASSETCATALOG_COMPILER_APPICON_NAME = AppIcon;
				CODE_SIGN_STYLE = Automatic;
				INFOPLIST_FILE = AudioComments/Info.plist;
				LD_RUNPATH_SEARCH_PATHS = (
					"$(inherited)",
					"@executable_path/Frameworks",
				);
				PRODUCT_BUNDLE_IDENTIFIER = com.chrisdobek.AudioComments;
				PRODUCT_NAME = "$(TARGET_NAME)";
				SWIFT_VERSION = 5.0;
				TARGETED_DEVICE_FAMILY = "1,2";
			};
			name = Debug;
		};
		27923DC02486E2D4002EC221 /* Release */ = {
			isa = XCBuildConfiguration;
			buildSettings = {
				ASSETCATALOG_COMPILER_APPICON_NAME = AppIcon;
				CODE_SIGN_STYLE = Automatic;
				INFOPLIST_FILE = AudioComments/Info.plist;
				LD_RUNPATH_SEARCH_PATHS = (
					"$(inherited)",
					"@executable_path/Frameworks",
				);
				PRODUCT_BUNDLE_IDENTIFIER = com.chrisdobek.AudioComments;
				PRODUCT_NAME = "$(TARGET_NAME)";
				SWIFT_VERSION = 5.0;
				TARGETED_DEVICE_FAMILY = "1,2";
			};
			name = Release;
		};
/* End XCBuildConfiguration section */

/* Begin XCConfigurationList section */
		27923DA52486E2CE002EC221 /* Build configuration list for PBXProject "AudioComments" */ = {
			isa = XCConfigurationList;
			buildConfigurations = (
				27923DBC2486E2D4002EC221 /* Debug */,
				27923DBD2486E2D4002EC221 /* Release */,
			);
			defaultConfigurationIsVisible = 0;
			defaultConfigurationName = Release;
		};
		27923DBE2486E2D4002EC221 /* Build configuration list for PBXNativeTarget "AudioComments" */ = {
			isa = XCConfigurationList;
			buildConfigurations = (
				27923DBF2486E2D4002EC221 /* Debug */,
				27923DC02486E2D4002EC221 /* Release */,
			);
			defaultConfigurationIsVisible = 0;
			defaultConfigurationName = Release;
		};
/* End XCConfigurationList section */
	};
	rootObject = 27923DA22486E2CE002EC221 /* Project object */;
}
