// !$*UTF8*$!
{
	archiveVersion = 1;
	classes = {
	};
	objectVersion = 50;
	objects = {

/* Begin PBXBuildFile section */
		4276B11D24698D3300ABA360 /* piano.mp3 in Resources */ = {isa = PBXBuildFile; fileRef = 4276B11C24698D3300ABA360 /* piano.mp3 */; };
		4276B1242469D46600ABA360 /* Audio.xcdatamodeld in Sources */ = {isa = PBXBuildFile; fileRef = 4276B1222469D46600ABA360 /* Audio.xcdatamodeld */; };
		4276B12A2469DA8F00ABA360 /* AudioVisualizer.swift in Sources */ = {isa = PBXBuildFile; fileRef = 4276B1292469DA8F00ABA360 /* AudioVisualizer.swift */; };
		42A0B2082468C315007314E2 /* AppDelegate.swift in Sources */ = {isa = PBXBuildFile; fileRef = 42A0B2072468C315007314E2 /* AppDelegate.swift */; };
		42A0B20A2468C315007314E2 /* SceneDelegate.swift in Sources */ = {isa = PBXBuildFile; fileRef = 42A0B2092468C315007314E2 /* SceneDelegate.swift */; };
		42A0B20F2468C315007314E2 /* Main.storyboard in Resources */ = {isa = PBXBuildFile; fileRef = 42A0B20D2468C315007314E2 /* Main.storyboard */; };
		42A0B2112468C318007314E2 /* Assets.xcassets in Resources */ = {isa = PBXBuildFile; fileRef = 42A0B2102468C318007314E2 /* Assets.xcassets */; };
		42A0B2142468C318007314E2 /* LaunchScreen.storyboard in Resources */ = {isa = PBXBuildFile; fileRef = 42A0B2122468C318007314E2 /* LaunchScreen.storyboard */; };
		42A0B21C2468C3FA007314E2 /* VoiceCommentsTableViewController.swift in Sources */ = {isa = PBXBuildFile; fileRef = 42A0B21B2468C3FA007314E2 /* VoiceCommentsTableViewController.swift */; };
		42A0B21E2468C494007314E2 /* VoiceRecorderViewController.swift in Sources */ = {isa = PBXBuildFile; fileRef = 42A0B21D2468C494007314E2 /* VoiceRecorderViewController.swift */; };
		42A0B2242468C739007314E2 /* Extension.swift in Sources */ = {isa = PBXBuildFile; fileRef = 42A0B2232468C739007314E2 /* Extension.swift */; };
/* End PBXBuildFile section */

/* Begin PBXFileReference section */
		4276B11C24698D3300ABA360 /* piano.mp3 */ = {isa = PBXFileReference; lastKnownFileType = audio.mp3; path = piano.mp3; sourceTree = "<group>"; };
		4276B1232469D46600ABA360 /* TalkBoy.xcdatamodel */ = {isa = PBXFileReference; lastKnownFileType = wrapper.xcdatamodel; path = TalkBoy.xcdatamodel; sourceTree = "<group>"; };
		4276B1292469DA8F00ABA360 /* AudioVisualizer.swift */ = {isa = PBXFileReference; fileEncoding = 4; lastKnownFileType = sourcecode.swift; path = AudioVisualizer.swift; sourceTree = "<group>"; };
		42A0B2042468C315007314E2 /* AudioComments.app */ = {isa = PBXFileReference; explicitFileType = wrapper.application; includeInIndex = 0; path = AudioComments.app; sourceTree = BUILT_PRODUCTS_DIR; };
		42A0B2072468C315007314E2 /* AppDelegate.swift */ = {isa = PBXFileReference; lastKnownFileType = sourcecode.swift; path = AppDelegate.swift; sourceTree = "<group>"; };
		42A0B2092468C315007314E2 /* SceneDelegate.swift */ = {isa = PBXFileReference; lastKnownFileType = sourcecode.swift; path = SceneDelegate.swift; sourceTree = "<group>"; };
		42A0B20E2468C315007314E2 /* Base */ = {isa = PBXFileReference; lastKnownFileType = file.storyboard; name = Base; path = Base.lproj/Main.storyboard; sourceTree = "<group>"; };
		42A0B2102468C318007314E2 /* Assets.xcassets */ = {isa = PBXFileReference; lastKnownFileType = folder.assetcatalog; path = Assets.xcassets; sourceTree = "<group>"; };
		42A0B2132468C318007314E2 /* Base */ = {isa = PBXFileReference; lastKnownFileType = file.storyboard; name = Base; path = Base.lproj/LaunchScreen.storyboard; sourceTree = "<group>"; };
		42A0B2152468C318007314E2 /* Info.plist */ = {isa = PBXFileReference; lastKnownFileType = text.plist.xml; path = Info.plist; sourceTree = "<group>"; };
		42A0B21B2468C3FA007314E2 /* VoiceCommentsTableViewController.swift */ = {isa = PBXFileReference; lastKnownFileType = sourcecode.swift; path = VoiceCommentsTableViewController.swift; sourceTree = "<group>"; };
		42A0B21D2468C494007314E2 /* VoiceRecorderViewController.swift */ = {isa = PBXFileReference; lastKnownFileType = sourcecode.swift; path = VoiceRecorderViewController.swift; sourceTree = "<group>"; };
		42A0B2232468C739007314E2 /* Extension.swift */ = {isa = PBXFileReference; lastKnownFileType = sourcecode.swift; path = Extension.swift; sourceTree = "<group>"; };
/* End PBXFileReference section */

/* Begin PBXFrameworksBuildPhase section */
		42A0B2012468C315007314E2 /* Frameworks */ = {
			isa = PBXFrameworksBuildPhase;
			buildActionMask = 2147483647;
			files = (
			);
			runOnlyForDeploymentPostprocessing = 0;
		};
/* End PBXFrameworksBuildPhase section */

/* Begin PBXGroup section */
		4276B11E2469B58500ABA360 /* Model */ = {
			isa = PBXGroup;
			children = (
				4276B1222469D46600ABA360 /* Audio.xcdatamodeld */,
			);
			path = Model;
			sourceTree = "<group>";
		};
		42A0B1FB2468C315007314E2 = {
			isa = PBXGroup;
			children = (
				42A0B2062468C315007314E2 /* AudioComments */,
				42A0B2052468C315007314E2 /* Products */,
			);
			sourceTree = "<group>";
		};
		42A0B2052468C315007314E2 /* Products */ = {
			isa = PBXGroup;
			children = (
				42A0B2042468C315007314E2 /* AudioComments.app */,
			);
			name = Products;
			sourceTree = "<group>";
		};
		42A0B2062468C315007314E2 /* AudioComments */ = {
			isa = PBXGroup;
			children = (
				4276B11E2469B58500ABA360 /* Model */,
				42A0B2222468C724007314E2 /* Extensions */,
				42A0B2212468C71A007314E2 /* Resources */,
				42A0B2202468C70D007314E2 /* Controllers */,
				42A0B21F2468C6FB007314E2 /* Views */,
				42A0B2072468C315007314E2 /* AppDelegate.swift */,
				42A0B2092468C315007314E2 /* SceneDelegate.swift */,
				42A0B2152468C318007314E2 /* Info.plist */,
			);
			path = AudioComments;
			sourceTree = "<group>";
		};
		42A0B21F2468C6FB007314E2 /* Views */ = {
			isa = PBXGroup;
			children = (
				4276B1292469DA8F00ABA360 /* AudioVisualizer.swift */,
				42A0B20D2468C315007314E2 /* Main.storyboard */,
				42A0B2122468C318007314E2 /* LaunchScreen.storyboard */,
			);
			path = Views;
			sourceTree = "<group>";
		};
		42A0B2202468C70D007314E2 /* Controllers */ = {
			isa = PBXGroup;
			children = (
				42A0B21B2468C3FA007314E2 /* VoiceCommentsTableViewController.swift */,
				42A0B21D2468C494007314E2 /* VoiceRecorderViewController.swift */,
			);
			path = Controllers;
			sourceTree = "<group>";
		};
		42A0B2212468C71A007314E2 /* Resources */ = {
			isa = PBXGroup;
			children = (
				42A0B2102468C318007314E2 /* Assets.xcassets */,
				4276B11C24698D3300ABA360 /* piano.mp3 */,
			);
			path = Resources;
			sourceTree = "<group>";
		};
		42A0B2222468C724007314E2 /* Extensions */ = {
			isa = PBXGroup;
			children = (
				42A0B2232468C739007314E2 /* Extension.swift */,
			);
			path = Extensions;
			sourceTree = "<group>";
		};
/* End PBXGroup section */

/* Begin PBXNativeTarget section */
		42A0B2032468C315007314E2 /* AudioComments */ = {
			isa = PBXNativeTarget;
			buildConfigurationList = 42A0B2182468C318007314E2 /* Build configuration list for PBXNativeTarget "AudioComments" */;
			buildPhases = (
				42A0B2002468C315007314E2 /* Sources */,
				42A0B2012468C315007314E2 /* Frameworks */,
				42A0B2022468C315007314E2 /* Resources */,
			);
			buildRules = (
			);
			dependencies = (
			);
			name = AudioComments;
			productName = AudioComments;
			productReference = 42A0B2042468C315007314E2 /* AudioComments.app */;
			productType = "com.apple.product-type.application";
		};
/* End PBXNativeTarget section */

/* Begin PBXProject section */
		42A0B1FC2468C315007314E2 /* Project object */ = {
			isa = PBXProject;
			attributes = {
				LastSwiftUpdateCheck = 1140;
				LastUpgradeCheck = 1140;
				ORGANIZATIONNAME = "Josh Rutkowski";
				TargetAttributes = {
					42A0B2032468C315007314E2 = {
						CreatedOnToolsVersion = 11.4.1;
					};
				};
			};
			buildConfigurationList = 42A0B1FF2468C315007314E2 /* Build configuration list for PBXProject "AudioComments" */;
			compatibilityVersion = "Xcode 9.3";
			developmentRegion = en;
			hasScannedForEncodings = 0;
			knownRegions = (
				en,
				Base,
			);
			mainGroup = 42A0B1FB2468C315007314E2;
			productRefGroup = 42A0B2052468C315007314E2 /* Products */;
			projectDirPath = "";
			projectRoot = "";
			targets = (
				42A0B2032468C315007314E2 /* AudioComments */,
			);
		};
/* End PBXProject section */

/* Begin PBXResourcesBuildPhase section */
		42A0B2022468C315007314E2 /* Resources */ = {
			isa = PBXResourcesBuildPhase;
			buildActionMask = 2147483647;
			files = (
				42A0B2142468C318007314E2 /* LaunchScreen.storyboard in Resources */,
				42A0B2112468C318007314E2 /* Assets.xcassets in Resources */,
				4276B11D24698D3300ABA360 /* piano.mp3 in Resources */,
				42A0B20F2468C315007314E2 /* Main.storyboard in Resources */,
			);
			runOnlyForDeploymentPostprocessing = 0;
		};
/* End PBXResourcesBuildPhase section */

/* Begin PBXSourcesBuildPhase section */
		42A0B2002468C315007314E2 /* Sources */ = {
			isa = PBXSourcesBuildPhase;
			buildActionMask = 2147483647;
			files = (
				4276B12A2469DA8F00ABA360 /* AudioVisualizer.swift in Sources */,
				42A0B2082468C315007314E2 /* AppDelegate.swift in Sources */,
				42A0B21E2468C494007314E2 /* VoiceRecorderViewController.swift in Sources */,
				42A0B21C2468C3FA007314E2 /* VoiceCommentsTableViewController.swift in Sources */,
				4276B1242469D46600ABA360 /* Audio.xcdatamodeld in Sources */,
				42A0B2242468C739007314E2 /* Extension.swift in Sources */,
				42A0B20A2468C315007314E2 /* SceneDelegate.swift in Sources */,
			);
			runOnlyForDeploymentPostprocessing = 0;
		};
/* End PBXSourcesBuildPhase section */

/* Begin PBXVariantGroup section */
		42A0B20D2468C315007314E2 /* Main.storyboard */ = {
			isa = PBXVariantGroup;
			children = (
				42A0B20E2468C315007314E2 /* Base */,
			);
			name = Main.storyboard;
			sourceTree = "<group>";
		};
		42A0B2122468C318007314E2 /* LaunchScreen.storyboard */ = {
			isa = PBXVariantGroup;
			children = (
				42A0B2132468C318007314E2 /* Base */,
			);
			name = LaunchScreen.storyboard;
			sourceTree = "<group>";
		};
/* End PBXVariantGroup section */

/* Begin XCBuildConfiguration section */
		42A0B2162468C318007314E2 /* Debug */ = {
			isa = XCBuildConfiguration;
			buildSettings = {
				ALWAYS_SEARCH_USER_PATHS = NO;
				CLANG_ANALYZER_NONNULL = YES;
				CLANG_ANALYZER_NUMBER_OBJECT_CONVERSION = YES_AGGRESSIVE;
				CLANG_CXX_LANGUAGE_STANDARD = "gnu++14";
				CLANG_CXX_LIBRARY = "libc++";
				CLANG_ENABLE_MODULES = YES;
				CLANG_ENABLE_OBJC_ARC = YES;
				CLANG_ENABLE_OBJC_WEAK = YES;
				CLANG_WARN_BLOCK_CAPTURE_AUTORELEASING = YES;
				CLANG_WARN_BOOL_CONVERSION = YES;
				CLANG_WARN_COMMA = YES;
				CLANG_WARN_CONSTANT_CONVERSION = YES;
				CLANG_WARN_DEPRECATED_OBJC_IMPLEMENTATIONS = YES;
				CLANG_WARN_DIRECT_OBJC_ISA_USAGE = YES_ERROR;
				CLANG_WARN_DOCUMENTATION_COMMENTS = YES;
				CLANG_WARN_EMPTY_BODY = YES;
				CLANG_WARN_ENUM_CONVERSION = YES;
				CLANG_WARN_INFINITE_RECURSION = YES;
				CLANG_WARN_INT_CONVERSION = YES;
				CLANG_WARN_NON_LITERAL_NULL_CONVERSION = YES;
				CLANG_WARN_OBJC_IMPLICIT_RETAIN_SELF = YES;
				CLANG_WARN_OBJC_LITERAL_CONVERSION = YES;
				CLANG_WARN_OBJC_ROOT_CLASS = YES_ERROR;
				CLANG_WARN_RANGE_LOOP_ANALYSIS = YES;
				CLANG_WARN_STRICT_PROTOTYPES = YES;
				CLANG_WARN_SUSPICIOUS_MOVE = YES;
				CLANG_WARN_UNGUARDED_AVAILABILITY = YES_AGGRESSIVE;
				CLANG_WARN_UNREACHABLE_CODE = YES;
				CLANG_WARN__DUPLICATE_METHOD_MATCH = YES;
				COPY_PHASE_STRIP = NO;
				DEBUG_INFORMATION_FORMAT = dwarf;
				ENABLE_STRICT_OBJC_MSGSEND = YES;
				ENABLE_TESTABILITY = YES;
				GCC_C_LANGUAGE_STANDARD = gnu11;
				GCC_DYNAMIC_NO_PIC = NO;
				GCC_NO_COMMON_BLOCKS = YES;
				GCC_OPTIMIZATION_LEVEL = 0;
				GCC_PREPROCESSOR_DEFINITIONS = (
					"DEBUG=1",
					"$(inherited)",
				);
				GCC_WARN_64_TO_32_BIT_CONVERSION = YES;
				GCC_WARN_ABOUT_RETURN_TYPE = YES_ERROR;
				GCC_WARN_UNDECLARED_SELECTOR = YES;
				GCC_WARN_UNINITIALIZED_AUTOS = YES_AGGRESSIVE;
				GCC_WARN_UNUSED_FUNCTION = YES;
				GCC_WARN_UNUSED_VARIABLE = YES;
				IPHONEOS_DEPLOYMENT_TARGET = 13.4;
				MTL_ENABLE_DEBUG_INFO = INCLUDE_SOURCE;
				MTL_FAST_MATH = YES;
				ONLY_ACTIVE_ARCH = YES;
				SDKROOT = iphoneos;
				SWIFT_ACTIVE_COMPILATION_CONDITIONS = DEBUG;
				SWIFT_OPTIMIZATION_LEVEL = "-Onone";
			};
			name = Debug;
		};
		42A0B2172468C318007314E2 /* Release */ = {
			isa = XCBuildConfiguration;
			buildSettings = {
				ALWAYS_SEARCH_USER_PATHS = NO;
				CLANG_ANALYZER_NONNULL = YES;
				CLANG_ANALYZER_NUMBER_OBJECT_CONVERSION = YES_AGGRESSIVE;
				CLANG_CXX_LANGUAGE_STANDARD = "gnu++14";
				CLANG_CXX_LIBRARY = "libc++";
				CLANG_ENABLE_MODULES = YES;
				CLANG_ENABLE_OBJC_ARC = YES;
				CLANG_ENABLE_OBJC_WEAK = YES;
				CLANG_WARN_BLOCK_CAPTURE_AUTORELEASING = YES;
				CLANG_WARN_BOOL_CONVERSION = YES;
				CLANG_WARN_COMMA = YES;
				CLANG_WARN_CONSTANT_CONVERSION = YES;
				CLANG_WARN_DEPRECATED_OBJC_IMPLEMENTATIONS = YES;
				CLANG_WARN_DIRECT_OBJC_ISA_USAGE = YES_ERROR;
				CLANG_WARN_DOCUMENTATION_COMMENTS = YES;
				CLANG_WARN_EMPTY_BODY = YES;
				CLANG_WARN_ENUM_CONVERSION = YES;
				CLANG_WARN_INFINITE_RECURSION = YES;
				CLANG_WARN_INT_CONVERSION = YES;
				CLANG_WARN_NON_LITERAL_NULL_CONVERSION = YES;
				CLANG_WARN_OBJC_IMPLICIT_RETAIN_SELF = YES;
				CLANG_WARN_OBJC_LITERAL_CONVERSION = YES;
				CLANG_WARN_OBJC_ROOT_CLASS = YES_ERROR;
				CLANG_WARN_RANGE_LOOP_ANALYSIS = YES;
				CLANG_WARN_STRICT_PROTOTYPES = YES;
				CLANG_WARN_SUSPICIOUS_MOVE = YES;
				CLANG_WARN_UNGUARDED_AVAILABILITY = YES_AGGRESSIVE;
				CLANG_WARN_UNREACHABLE_CODE = YES;
				CLANG_WARN__DUPLICATE_METHOD_MATCH = YES;
				COPY_PHASE_STRIP = NO;
				DEBUG_INFORMATION_FORMAT = "dwarf-with-dsym";
				ENABLE_NS_ASSERTIONS = NO;
				ENABLE_STRICT_OBJC_MSGSEND = YES;
				GCC_C_LANGUAGE_STANDARD = gnu11;
				GCC_NO_COMMON_BLOCKS = YES;
				GCC_WARN_64_TO_32_BIT_CONVERSION = YES;
				GCC_WARN_ABOUT_RETURN_TYPE = YES_ERROR;
				GCC_WARN_UNDECLARED_SELECTOR = YES;
				GCC_WARN_UNINITIALIZED_AUTOS = YES_AGGRESSIVE;
				GCC_WARN_UNUSED_FUNCTION = YES;
				GCC_WARN_UNUSED_VARIABLE = YES;
				IPHONEOS_DEPLOYMENT_TARGET = 13.4;
				MTL_ENABLE_DEBUG_INFO = NO;
				MTL_FAST_MATH = YES;
				SDKROOT = iphoneos;
				SWIFT_COMPILATION_MODE = wholemodule;
				SWIFT_OPTIMIZATION_LEVEL = "-O";
				VALIDATE_PRODUCT = YES;
			};
			name = Release;
		};
		42A0B2192468C318007314E2 /* Debug */ = {
			isa = XCBuildConfiguration;
			buildSettings = {
				ASSETCATALOG_COMPILER_APPICON_NAME = AppIcon;
				CODE_SIGN_STYLE = Automatic;
				DEVELOPMENT_TEAM = 2YCSRP8773;
				INFOPLIST_FILE = AudioComments/Info.plist;
				LD_RUNPATH_SEARCH_PATHS = (
					"$(inherited)",
					"@executable_path/Frameworks",
				);
				PRODUCT_BUNDLE_IDENTIFIER = com.joshrutkowski.AudioComments;
				PRODUCT_NAME = "$(TARGET_NAME)";
				SWIFT_VERSION = 5.0;
				TARGETED_DEVICE_FAMILY = "1,2";
			};
			name = Debug;
		};
		42A0B21A2468C318007314E2 /* Release */ = {
			isa = XCBuildConfiguration;
			buildSettings = {
				ASSETCATALOG_COMPILER_APPICON_NAME = AppIcon;
				CODE_SIGN_STYLE = Automatic;
				DEVELOPMENT_TEAM = 2YCSRP8773;
				INFOPLIST_FILE = AudioComments/Info.plist;
				LD_RUNPATH_SEARCH_PATHS = (
					"$(inherited)",
					"@executable_path/Frameworks",
				);
				PRODUCT_BUNDLE_IDENTIFIER = com.joshrutkowski.AudioComments;
				PRODUCT_NAME = "$(TARGET_NAME)";
				SWIFT_VERSION = 5.0;
				TARGETED_DEVICE_FAMILY = "1,2";
			};
			name = Release;
		};
/* End XCBuildConfiguration section */

/* Begin XCConfigurationList section */
		42A0B1FF2468C315007314E2 /* Build configuration list for PBXProject "AudioComments" */ = {
			isa = XCConfigurationList;
			buildConfigurations = (
				42A0B2162468C318007314E2 /* Debug */,
				42A0B2172468C318007314E2 /* Release */,
			);
			defaultConfigurationIsVisible = 0;
			defaultConfigurationName = Release;
		};
		42A0B2182468C318007314E2 /* Build configuration list for PBXNativeTarget "AudioComments" */ = {
			isa = XCConfigurationList;
			buildConfigurations = (
				42A0B2192468C318007314E2 /* Debug */,
				42A0B21A2468C318007314E2 /* Release */,
			);
			defaultConfigurationIsVisible = 0;
			defaultConfigurationName = Release;
		};
/* End XCConfigurationList section */

/* Begin XCVersionGroup section */
		4276B1222469D46600ABA360 /* Audio.xcdatamodeld */ = {
			isa = XCVersionGroup;
			children = (
				4276B1232469D46600ABA360 /* TalkBoy.xcdatamodel */,
			);
			currentVersion = 4276B1232469D46600ABA360 /* TalkBoy.xcdatamodel */;
			path = Audio.xcdatamodeld;
			sourceTree = "<group>";
			versionGroupType = wrapper.xcdatamodel;
		};
/* End XCVersionGroup section */
	};
	rootObject = 42A0B1FC2468C315007314E2 /* Project object */;
}
