// !$*UTF8*$!
{
	archiveVersion = 1;
	classes = {
	};
	objectVersion = 50;
	objects = {

/* Begin PBXBuildFile section */
		3A23603424B6A19700952E90 /* AppDelegate.swift in Sources */ = {isa = PBXBuildFile; fileRef = 3A23603324B6A19700952E90 /* AppDelegate.swift */; };
		3A23603624B6A19700952E90 /* SceneDelegate.swift in Sources */ = {isa = PBXBuildFile; fileRef = 3A23603524B6A19700952E90 /* SceneDelegate.swift */; };
		3A23603824B6A19700952E90 /* ViewController.swift in Sources */ = {isa = PBXBuildFile; fileRef = 3A23603724B6A19700952E90 /* ViewController.swift */; };
		3A23603B24B6A19700952E90 /* Main.storyboard in Resources */ = {isa = PBXBuildFile; fileRef = 3A23603924B6A19700952E90 /* Main.storyboard */; };
		3A23603D24B6A19800952E90 /* Assets.xcassets in Resources */ = {isa = PBXBuildFile; fileRef = 3A23603C24B6A19800952E90 /* Assets.xcassets */; };
		3A23604024B6A19800952E90 /* LaunchScreen.storyboard in Resources */ = {isa = PBXBuildFile; fileRef = 3A23603E24B6A19800952E90 /* LaunchScreen.storyboard */; };
		3A23604824B6ACD400952E90 /* UIImage+Scaling.swift in Sources */ = {isa = PBXBuildFile; fileRef = 3A23604724B6ACD400952E90 /* UIImage+Scaling.swift */; };
		3AC8E6F724B95326000053C0 /* AudioCommentTableViewCell.swift in Sources */ = {isa = PBXBuildFile; fileRef = 3AC8E6F624B95326000053C0 /* AudioCommentTableViewCell.swift */; };
		3AC8E6F924B95387000053C0 /* AudioCommentsTableViewController.swift in Sources */ = {isa = PBXBuildFile; fileRef = 3AC8E6F824B95387000053C0 /* AudioCommentsTableViewController.swift */; };
		3AC8E6FB24B953AB000053C0 /* CreateAudioCommentViewController.swift in Sources */ = {isa = PBXBuildFile; fileRef = 3AC8E6FA24B953AB000053C0 /* CreateAudioCommentViewController.swift */; };
/* End PBXBuildFile section */

/* Begin PBXFileReference section */
		3A23603024B6A19700952E90 /* ImageFilterEditor.app */ = {isa = PBXFileReference; explicitFileType = wrapper.application; includeInIndex = 0; path = ImageFilterEditor.app; sourceTree = BUILT_PRODUCTS_DIR; };
		3A23603324B6A19700952E90 /* AppDelegate.swift */ = {isa = PBXFileReference; lastKnownFileType = sourcecode.swift; path = AppDelegate.swift; sourceTree = "<group>"; };
		3A23603524B6A19700952E90 /* SceneDelegate.swift */ = {isa = PBXFileReference; lastKnownFileType = sourcecode.swift; path = SceneDelegate.swift; sourceTree = "<group>"; };
		3A23603724B6A19700952E90 /* ViewController.swift */ = {isa = PBXFileReference; lastKnownFileType = sourcecode.swift; path = ViewController.swift; sourceTree = "<group>"; };
		3A23603A24B6A19700952E90 /* Base */ = {isa = PBXFileReference; lastKnownFileType = file.storyboard; name = Base; path = Base.lproj/Main.storyboard; sourceTree = "<group>"; };
		3A23603C24B6A19800952E90 /* Assets.xcassets */ = {isa = PBXFileReference; lastKnownFileType = folder.assetcatalog; path = Assets.xcassets; sourceTree = "<group>"; };
		3A23603F24B6A19800952E90 /* Base */ = {isa = PBXFileReference; lastKnownFileType = file.storyboard; name = Base; path = Base.lproj/LaunchScreen.storyboard; sourceTree = "<group>"; };
		3A23604124B6A19800952E90 /* Info.plist */ = {isa = PBXFileReference; lastKnownFileType = text.plist.xml; path = Info.plist; sourceTree = "<group>"; };
		3A23604724B6ACD400952E90 /* UIImage+Scaling.swift */ = {isa = PBXFileReference; lastKnownFileType = sourcecode.swift; path = "UIImage+Scaling.swift"; sourceTree = "<group>"; };
		3AC8E6F624B95326000053C0 /* AudioCommentTableViewCell.swift */ = {isa = PBXFileReference; lastKnownFileType = sourcecode.swift; path = AudioCommentTableViewCell.swift; sourceTree = "<group>"; };
		3AC8E6F824B95387000053C0 /* AudioCommentsTableViewController.swift */ = {isa = PBXFileReference; lastKnownFileType = sourcecode.swift; path = AudioCommentsTableViewController.swift; sourceTree = "<group>"; };
		3AC8E6FA24B953AB000053C0 /* CreateAudioCommentViewController.swift */ = {isa = PBXFileReference; lastKnownFileType = sourcecode.swift; path = CreateAudioCommentViewController.swift; sourceTree = "<group>"; };
/* End PBXFileReference section */

/* Begin PBXFrameworksBuildPhase section */
		3A23602D24B6A19700952E90 /* Frameworks */ = {
			isa = PBXFrameworksBuildPhase;
			buildActionMask = 2147483647;
			files = (
			);
			runOnlyForDeploymentPostprocessing = 0;
		};
/* End PBXFrameworksBuildPhase section */

/* Begin PBXGroup section */
		3A23602724B6A19700952E90 = {
			isa = PBXGroup;
			children = (
				3A23603224B6A19700952E90 /* ImageFilterEditor */,
				3A23603124B6A19700952E90 /* Products */,
			);
			sourceTree = "<group>";
		};
		3A23603124B6A19700952E90 /* Products */ = {
			isa = PBXGroup;
			children = (
				3A23603024B6A19700952E90 /* ImageFilterEditor.app */,
			);
			name = Products;
			sourceTree = "<group>";
		};
		3A23603224B6A19700952E90 /* ImageFilterEditor */ = {
			isa = PBXGroup;
			children = (
				3A23603324B6A19700952E90 /* AppDelegate.swift */,
				3A23603524B6A19700952E90 /* SceneDelegate.swift */,
				3A23603724B6A19700952E90 /* ViewController.swift */,
				3A23603924B6A19700952E90 /* Main.storyboard */,
				3A23603C24B6A19800952E90 /* Assets.xcassets */,
				3A23603E24B6A19800952E90 /* LaunchScreen.storyboard */,
				3A23604124B6A19800952E90 /* Info.plist */,
				3A23604724B6ACD400952E90 /* UIImage+Scaling.swift */,
				3AC8E6F624B95326000053C0 /* AudioCommentTableViewCell.swift */,
				3AC8E6F824B95387000053C0 /* AudioCommentsTableViewController.swift */,
				3AC8E6FA24B953AB000053C0 /* CreateAudioCommentViewController.swift */,
			);
			path = ImageFilterEditor;
			sourceTree = "<group>";
		};
/* End PBXGroup section */

/* Begin PBXNativeTarget section */
		3A23602F24B6A19700952E90 /* ImageFilterEditor */ = {
			isa = PBXNativeTarget;
			buildConfigurationList = 3A23604424B6A19800952E90 /* Build configuration list for PBXNativeTarget "ImageFilterEditor" */;
			buildPhases = (
				3A23602C24B6A19700952E90 /* Sources */,
				3A23602D24B6A19700952E90 /* Frameworks */,
				3A23602E24B6A19700952E90 /* Resources */,
			);
			buildRules = (
			);
			dependencies = (
			);
			name = ImageFilterEditor;
			productName = ImageFilterEditor;
			productReference = 3A23603024B6A19700952E90 /* ImageFilterEditor.app */;
			productType = "com.apple.product-type.application";
		};
/* End PBXNativeTarget section */

/* Begin PBXProject section */
		3A23602824B6A19700952E90 /* Project object */ = {
			isa = PBXProject;
			attributes = {
				LastSwiftUpdateCheck = 1150;
				LastUpgradeCheck = 1150;
				ORGANIZATIONNAME = thecoderpilot;
				TargetAttributes = {
					3A23602F24B6A19700952E90 = {
						CreatedOnToolsVersion = 11.5;
					};
				};
			};
			buildConfigurationList = 3A23602B24B6A19700952E90 /* Build configuration list for PBXProject "ImageFilterEditor" */;
			compatibilityVersion = "Xcode 9.3";
			developmentRegion = en;
			hasScannedForEncodings = 0;
			knownRegions = (
				en,
				Base,
			);
			mainGroup = 3A23602724B6A19700952E90;
			productRefGroup = 3A23603124B6A19700952E90 /* Products */;
			projectDirPath = "";
			projectRoot = "";
			targets = (
				3A23602F24B6A19700952E90 /* ImageFilterEditor */,
			);
		};
/* End PBXProject section */

/* Begin PBXResourcesBuildPhase section */
		3A23602E24B6A19700952E90 /* Resources */ = {
			isa = PBXResourcesBuildPhase;
			buildActionMask = 2147483647;
			files = (
				3A23604024B6A19800952E90 /* LaunchScreen.storyboard in Resources */,
				3A23603D24B6A19800952E90 /* Assets.xcassets in Resources */,
				3A23603B24B6A19700952E90 /* Main.storyboard in Resources */,
			);
			runOnlyForDeploymentPostprocessing = 0;
		};
/* End PBXResourcesBuildPhase section */

/* Begin PBXSourcesBuildPhase section */
		3A23602C24B6A19700952E90 /* Sources */ = {
			isa = PBXSourcesBuildPhase;
			buildActionMask = 2147483647;
			files = (
				3A23603824B6A19700952E90 /* ViewController.swift in Sources */,
				3A23604824B6ACD400952E90 /* UIImage+Scaling.swift in Sources */,
				3A23603424B6A19700952E90 /* AppDelegate.swift in Sources */,
				3AC8E6FB24B953AB000053C0 /* CreateAudioCommentViewController.swift in Sources */,
				3AC8E6F724B95326000053C0 /* AudioCommentTableViewCell.swift in Sources */,
				3AC8E6F924B95387000053C0 /* AudioCommentsTableViewController.swift in Sources */,
				3A23603624B6A19700952E90 /* SceneDelegate.swift in Sources */,
			);
			runOnlyForDeploymentPostprocessing = 0;
		};
/* End PBXSourcesBuildPhase section */

/* Begin PBXVariantGroup section */
		3A23603924B6A19700952E90 /* Main.storyboard */ = {
			isa = PBXVariantGroup;
			children = (
				3A23603A24B6A19700952E90 /* Base */,
			);
			name = Main.storyboard;
			sourceTree = "<group>";
		};
		3A23603E24B6A19800952E90 /* LaunchScreen.storyboard */ = {
			isa = PBXVariantGroup;
			children = (
				3A23603F24B6A19800952E90 /* Base */,
			);
			name = LaunchScreen.storyboard;
			sourceTree = "<group>";
		};
/* End PBXVariantGroup section */

/* Begin XCBuildConfiguration section */
		3A23604224B6A19800952E90 /* Debug */ = {
			isa = XCBuildConfiguration;
			buildSettings = {
				ALWAYS_SEARCH_USER_PATHS = NO;
				CLANG_ANALYZER_NONNULL = YES;
				CLANG_ANALYZER_NUMBER_OBJECT_CONVERSION = YES_AGGRESSIVE;
				CLANG_CXX_LANGUAGE_STANDARD = "gnu++14";
				CLANG_CXX_LIBRARY = "libc++";
				CLANG_ENABLE_MODULES = YES;
				CLANG_ENABLE_OBJC_ARC = YES;
				CLANG_ENABLE_OBJC_WEAK = YES;
				CLANG_WARN_BLOCK_CAPTURE_AUTORELEASING = YES;
				CLANG_WARN_BOOL_CONVERSION = YES;
				CLANG_WARN_COMMA = YES;
				CLANG_WARN_CONSTANT_CONVERSION = YES;
				CLANG_WARN_DEPRECATED_OBJC_IMPLEMENTATIONS = YES;
				CLANG_WARN_DIRECT_OBJC_ISA_USAGE = YES_ERROR;
				CLANG_WARN_DOCUMENTATION_COMMENTS = YES;
				CLANG_WARN_EMPTY_BODY = YES;
				CLANG_WARN_ENUM_CONVERSION = YES;
				CLANG_WARN_INFINITE_RECURSION = YES;
				CLANG_WARN_INT_CONVERSION = YES;
				CLANG_WARN_NON_LITERAL_NULL_CONVERSION = YES;
				CLANG_WARN_OBJC_IMPLICIT_RETAIN_SELF = YES;
				CLANG_WARN_OBJC_LITERAL_CONVERSION = YES;
				CLANG_WARN_OBJC_ROOT_CLASS = YES_ERROR;
				CLANG_WARN_RANGE_LOOP_ANALYSIS = YES;
				CLANG_WARN_STRICT_PROTOTYPES = YES;
				CLANG_WARN_SUSPICIOUS_MOVE = YES;
				CLANG_WARN_UNGUARDED_AVAILABILITY = YES_AGGRESSIVE;
				CLANG_WARN_UNREACHABLE_CODE = YES;
				CLANG_WARN__DUPLICATE_METHOD_MATCH = YES;
				COPY_PHASE_STRIP = NO;
				DEBUG_INFORMATION_FORMAT = dwarf;
				ENABLE_STRICT_OBJC_MSGSEND = YES;
				ENABLE_TESTABILITY = YES;
				GCC_C_LANGUAGE_STANDARD = gnu11;
				GCC_DYNAMIC_NO_PIC = NO;
				GCC_NO_COMMON_BLOCKS = YES;
				GCC_OPTIMIZATION_LEVEL = 0;
				GCC_PREPROCESSOR_DEFINITIONS = (
					"DEBUG=1",
					"$(inherited)",
				);
				GCC_WARN_64_TO_32_BIT_CONVERSION = YES;
				GCC_WARN_ABOUT_RETURN_TYPE = YES_ERROR;
				GCC_WARN_UNDECLARED_SELECTOR = YES;
				GCC_WARN_UNINITIALIZED_AUTOS = YES_AGGRESSIVE;
				GCC_WARN_UNUSED_FUNCTION = YES;
				GCC_WARN_UNUSED_VARIABLE = YES;
				IPHONEOS_DEPLOYMENT_TARGET = 13.5;
				MTL_ENABLE_DEBUG_INFO = INCLUDE_SOURCE;
				MTL_FAST_MATH = YES;
				ONLY_ACTIVE_ARCH = YES;
				SDKROOT = iphoneos;
				SWIFT_ACTIVE_COMPILATION_CONDITIONS = DEBUG;
				SWIFT_OPTIMIZATION_LEVEL = "-Onone";
			};
			name = Debug;
		};
		3A23604324B6A19800952E90 /* Release */ = {
			isa = XCBuildConfiguration;
			buildSettings = {
				ALWAYS_SEARCH_USER_PATHS = NO;
				CLANG_ANALYZER_NONNULL = YES;
				CLANG_ANALYZER_NUMBER_OBJECT_CONVERSION = YES_AGGRESSIVE;
				CLANG_CXX_LANGUAGE_STANDARD = "gnu++14";
				CLANG_CXX_LIBRARY = "libc++";
				CLANG_ENABLE_MODULES = YES;
				CLANG_ENABLE_OBJC_ARC = YES;
				CLANG_ENABLE_OBJC_WEAK = YES;
				CLANG_WARN_BLOCK_CAPTURE_AUTORELEASING = YES;
				CLANG_WARN_BOOL_CONVERSION = YES;
				CLANG_WARN_COMMA = YES;
				CLANG_WARN_CONSTANT_CONVERSION = YES;
				CLANG_WARN_DEPRECATED_OBJC_IMPLEMENTATIONS = YES;
				CLANG_WARN_DIRECT_OBJC_ISA_USAGE = YES_ERROR;
				CLANG_WARN_DOCUMENTATION_COMMENTS = YES;
				CLANG_WARN_EMPTY_BODY = YES;
				CLANG_WARN_ENUM_CONVERSION = YES;
				CLANG_WARN_INFINITE_RECURSION = YES;
				CLANG_WARN_INT_CONVERSION = YES;
				CLANG_WARN_NON_LITERAL_NULL_CONVERSION = YES;
				CLANG_WARN_OBJC_IMPLICIT_RETAIN_SELF = YES;
				CLANG_WARN_OBJC_LITERAL_CONVERSION = YES;
				CLANG_WARN_OBJC_ROOT_CLASS = YES_ERROR;
				CLANG_WARN_RANGE_LOOP_ANALYSIS = YES;
				CLANG_WARN_STRICT_PROTOTYPES = YES;
				CLANG_WARN_SUSPICIOUS_MOVE = YES;
				CLANG_WARN_UNGUARDED_AVAILABILITY = YES_AGGRESSIVE;
				CLANG_WARN_UNREACHABLE_CODE = YES;
				CLANG_WARN__DUPLICATE_METHOD_MATCH = YES;
				COPY_PHASE_STRIP = NO;
				DEBUG_INFORMATION_FORMAT = "dwarf-with-dsym";
				ENABLE_NS_ASSERTIONS = NO;
				ENABLE_STRICT_OBJC_MSGSEND = YES;
				GCC_C_LANGUAGE_STANDARD = gnu11;
				GCC_NO_COMMON_BLOCKS = YES;
				GCC_WARN_64_TO_32_BIT_CONVERSION = YES;
				GCC_WARN_ABOUT_RETURN_TYPE = YES_ERROR;
				GCC_WARN_UNDECLARED_SELECTOR = YES;
				GCC_WARN_UNINITIALIZED_AUTOS = YES_AGGRESSIVE;
				GCC_WARN_UNUSED_FUNCTION = YES;
				GCC_WARN_UNUSED_VARIABLE = YES;
				IPHONEOS_DEPLOYMENT_TARGET = 13.5;
				MTL_ENABLE_DEBUG_INFO = NO;
				MTL_FAST_MATH = YES;
				SDKROOT = iphoneos;
				SWIFT_COMPILATION_MODE = wholemodule;
				SWIFT_OPTIMIZATION_LEVEL = "-O";
				VALIDATE_PRODUCT = YES;
			};
			name = Release;
		};
		3A23604524B6A19800952E90 /* Debug */ = {
			isa = XCBuildConfiguration;
			buildSettings = {
				ASSETCATALOG_COMPILER_APPICON_NAME = AppIcon;
				CODE_SIGN_STYLE = Automatic;
				DEVELOPMENT_TEAM = MMSJ2DXRDG;
				INFOPLIST_FILE = ImageFilterEditor/Info.plist;
				LD_RUNPATH_SEARCH_PATHS = (
					"$(inherited)",
					"@executable_path/Frameworks",
				);
				PRODUCT_BUNDLE_IDENTIFIER = com.thecoderpilot.ImageFilterEditor;
				PRODUCT_NAME = "$(TARGET_NAME)";
				SWIFT_VERSION = 5.0;
				TARGETED_DEVICE_FAMILY = "1,2";
			};
			name = Debug;
		};
		3A23604624B6A19800952E90 /* Release */ = {
			isa = XCBuildConfiguration;
			buildSettings = {
				ASSETCATALOG_COMPILER_APPICON_NAME = AppIcon;
				CODE_SIGN_STYLE = Automatic;
				DEVELOPMENT_TEAM = MMSJ2DXRDG;
				INFOPLIST_FILE = ImageFilterEditor/Info.plist;
				LD_RUNPATH_SEARCH_PATHS = (
					"$(inherited)",
					"@executable_path/Frameworks",
				);
				PRODUCT_BUNDLE_IDENTIFIER = com.thecoderpilot.ImageFilterEditor;
				PRODUCT_NAME = "$(TARGET_NAME)";
				SWIFT_VERSION = 5.0;
				TARGETED_DEVICE_FAMILY = "1,2";
			};
			name = Release;
		};
/* End XCBuildConfiguration section */

/* Begin XCConfigurationList section */
		3A23602B24B6A19700952E90 /* Build configuration list for PBXProject "ImageFilterEditor" */ = {
			isa = XCConfigurationList;
			buildConfigurations = (
				3A23604224B6A19800952E90 /* Debug */,
				3A23604324B6A19800952E90 /* Release */,
			);
			defaultConfigurationIsVisible = 0;
			defaultConfigurationName = Release;
		};
		3A23604424B6A19800952E90 /* Build configuration list for PBXNativeTarget "ImageFilterEditor" */ = {
			isa = XCConfigurationList;
			buildConfigurations = (
				3A23604524B6A19800952E90 /* Debug */,
				3A23604624B6A19800952E90 /* Release */,
			);
			defaultConfigurationIsVisible = 0;
			defaultConfigurationName = Release;
		};
/* End XCConfigurationList section */
	};
	rootObject = 3A23602824B6A19700952E90 /* Project object */;
}
