// !$*UTF8*$!
{
	archiveVersion = 1;
	classes = {
	};
	objectVersion = 50;
	objects = {

/* Begin PBXBuildFile section */
		02C7B54A2500114200C4A310 /* AppDelegate.swift in Sources */ = {isa = PBXBuildFile; fileRef = 02C7B5492500114200C4A310 /* AppDelegate.swift */; };
		02C7B54C2500114200C4A310 /* SceneDelegate.swift in Sources */ = {isa = PBXBuildFile; fileRef = 02C7B54B2500114200C4A310 /* SceneDelegate.swift */; };
		02C7B5512500114200C4A310 /* Main.storyboard in Resources */ = {isa = PBXBuildFile; fileRef = 02C7B54F2500114200C4A310 /* Main.storyboard */; };
		02C7B5532500114A00C4A310 /* Assets.xcassets in Resources */ = {isa = PBXBuildFile; fileRef = 02C7B5522500114A00C4A310 /* Assets.xcassets */; };
		02C7B5562500114A00C4A310 /* LaunchScreen.storyboard in Resources */ = {isa = PBXBuildFile; fileRef = 02C7B5542500114A00C4A310 /* LaunchScreen.storyboard */; };
		02C7B55E2500132300C4A310 /* ImagePostViewController.swift in Sources */ = {isa = PBXBuildFile; fileRef = 02C7B55D2500132300C4A310 /* ImagePostViewController.swift */; };
		02C7B56025001AF000C4A310 /* UIImage+Scaling.swift in Sources */ = {isa = PBXBuildFile; fileRef = 02C7B55F25001AF000C4A310 /* UIImage+Scaling.swift */; };
		02C7B56225001CD900C4A310 /* Image+Ratio.swift in Sources */ = {isa = PBXBuildFile; fileRef = 02C7B56125001CD900C4A310 /* Image+Ratio.swift */; };
		02C7B56425001DDB00C4A310 /* UIViewController+InformationalAlert.swift in Sources */ = {isa = PBXBuildFile; fileRef = 02C7B56325001DDB00C4A310 /* UIViewController+InformationalAlert.swift */; };
		02C7B56625001E4300C4A310 /* BlurViewController.swift in Sources */ = {isa = PBXBuildFile; fileRef = 02C7B56525001E4300C4A310 /* BlurViewController.swift */; };
		02C7B56A25001E9E00C4A310 /* ColorViewController.swift in Sources */ = {isa = PBXBuildFile; fileRef = 02C7B56925001E9E00C4A310 /* ColorViewController.swift */; };
		02C7B56C25001EBE00C4A310 /* DistortionViewController.swift in Sources */ = {isa = PBXBuildFile; fileRef = 02C7B56B25001EBE00C4A310 /* DistortionViewController.swift */; };
		02C7B57025001EE600C4A310 /* SharpenViewController.swift in Sources */ = {isa = PBXBuildFile; fileRef = 02C7B56F25001EE600C4A310 /* SharpenViewController.swift */; };
		02C7B572250140EB00C4A310 /* ColorInvertViewController.swift in Sources */ = {isa = PBXBuildFile; fileRef = 02C7B571250140EB00C4A310 /* ColorInvertViewController.swift */; };
/* End PBXBuildFile section */

/* Begin PBXFileReference section */
		02C7B5462500114200C4A310 /* ImageFilterEditor.app */ = {isa = PBXFileReference; explicitFileType = wrapper.application; includeInIndex = 0; path = ImageFilterEditor.app; sourceTree = BUILT_PRODUCTS_DIR; };
		02C7B5492500114200C4A310 /* AppDelegate.swift */ = {isa = PBXFileReference; lastKnownFileType = sourcecode.swift; path = AppDelegate.swift; sourceTree = "<group>"; };
		02C7B54B2500114200C4A310 /* SceneDelegate.swift */ = {isa = PBXFileReference; lastKnownFileType = sourcecode.swift; path = SceneDelegate.swift; sourceTree = "<group>"; };
		02C7B5502500114200C4A310 /* Base */ = {isa = PBXFileReference; lastKnownFileType = file.storyboard; name = Base; path = Base.lproj/Main.storyboard; sourceTree = "<group>"; };
		02C7B5522500114A00C4A310 /* Assets.xcassets */ = {isa = PBXFileReference; lastKnownFileType = folder.assetcatalog; path = Assets.xcassets; sourceTree = "<group>"; };
		02C7B5552500114A00C4A310 /* Base */ = {isa = PBXFileReference; lastKnownFileType = file.storyboard; name = Base; path = Base.lproj/LaunchScreen.storyboard; sourceTree = "<group>"; };
		02C7B5572500114A00C4A310 /* Info.plist */ = {isa = PBXFileReference; lastKnownFileType = text.plist.xml; path = Info.plist; sourceTree = "<group>"; };
		02C7B55D2500132300C4A310 /* ImagePostViewController.swift */ = {isa = PBXFileReference; lastKnownFileType = sourcecode.swift; path = ImagePostViewController.swift; sourceTree = "<group>"; };
		02C7B55F25001AF000C4A310 /* UIImage+Scaling.swift */ = {isa = PBXFileReference; lastKnownFileType = sourcecode.swift; path = "UIImage+Scaling.swift"; sourceTree = "<group>"; };
		02C7B56125001CD900C4A310 /* Image+Ratio.swift */ = {isa = PBXFileReference; lastKnownFileType = sourcecode.swift; path = "Image+Ratio.swift"; sourceTree = "<group>"; };
		02C7B56325001DDB00C4A310 /* UIViewController+InformationalAlert.swift */ = {isa = PBXFileReference; lastKnownFileType = sourcecode.swift; path = "UIViewController+InformationalAlert.swift"; sourceTree = "<group>"; };
		02C7B56525001E4300C4A310 /* BlurViewController.swift */ = {isa = PBXFileReference; lastKnownFileType = sourcecode.swift; path = BlurViewController.swift; sourceTree = "<group>"; };
		02C7B56925001E9E00C4A310 /* ColorViewController.swift */ = {isa = PBXFileReference; lastKnownFileType = sourcecode.swift; path = ColorViewController.swift; sourceTree = "<group>"; };
		02C7B56B25001EBE00C4A310 /* DistortionViewController.swift */ = {isa = PBXFileReference; lastKnownFileType = sourcecode.swift; path = DistortionViewController.swift; sourceTree = "<group>"; };
		02C7B56F25001EE600C4A310 /* SharpenViewController.swift */ = {isa = PBXFileReference; lastKnownFileType = sourcecode.swift; path = SharpenViewController.swift; sourceTree = "<group>"; };
		02C7B571250140EB00C4A310 /* ColorInvertViewController.swift */ = {isa = PBXFileReference; lastKnownFileType = sourcecode.swift; path = ColorInvertViewController.swift; sourceTree = "<group>"; };
/* End PBXFileReference section */

/* Begin PBXFrameworksBuildPhase section */
		02C7B5432500114200C4A310 /* Frameworks */ = {
			isa = PBXFrameworksBuildPhase;
			buildActionMask = 2147483647;
			files = (
			);
			runOnlyForDeploymentPostprocessing = 0;
		};
/* End PBXFrameworksBuildPhase section */

/* Begin PBXGroup section */
		02C7B53D2500114200C4A310 = {
			isa = PBXGroup;
			children = (
				02C7B5482500114200C4A310 /* ImageFilterEditor */,
				02C7B5472500114200C4A310 /* Products */,
			);
			sourceTree = "<group>";
		};
		02C7B5472500114200C4A310 /* Products */ = {
			isa = PBXGroup;
			children = (
				02C7B5462500114200C4A310 /* ImageFilterEditor.app */,
			);
			name = Products;
			sourceTree = "<group>";
		};
		02C7B5482500114200C4A310 /* ImageFilterEditor */ = {
			isa = PBXGroup;
			children = (
				02C7B55D2500132300C4A310 /* ImagePostViewController.swift */,
				02C7B56825001E5A00C4A310 /* Filter View Controllers */,
				02C7B56725001E4B00C4A310 /* Helper */,
				02C7B5492500114200C4A310 /* AppDelegate.swift */,
				02C7B54B2500114200C4A310 /* SceneDelegate.swift */,
				02C7B54F2500114200C4A310 /* Main.storyboard */,
				02C7B5522500114A00C4A310 /* Assets.xcassets */,
				02C7B5542500114A00C4A310 /* LaunchScreen.storyboard */,
				02C7B5572500114A00C4A310 /* Info.plist */,
			);
			path = ImageFilterEditor;
			sourceTree = "<group>";
		};
		02C7B56725001E4B00C4A310 /* Helper */ = {
			isa = PBXGroup;
			children = (
				02C7B55F25001AF000C4A310 /* UIImage+Scaling.swift */,
				02C7B56125001CD900C4A310 /* Image+Ratio.swift */,
				02C7B56325001DDB00C4A310 /* UIViewController+InformationalAlert.swift */,
			);
			path = Helper;
			sourceTree = "<group>";
		};
		02C7B56825001E5A00C4A310 /* Filter View Controllers */ = {
			isa = PBXGroup;
			children = (
				02C7B56525001E4300C4A310 /* BlurViewController.swift */,
				02C7B56925001E9E00C4A310 /* ColorViewController.swift */,
				02C7B56B25001EBE00C4A310 /* DistortionViewController.swift */,
				02C7B56F25001EE600C4A310 /* SharpenViewController.swift */,
				02C7B571250140EB00C4A310 /* ColorInvertViewController.swift */,
			);
			path = "Filter View Controllers";
			sourceTree = "<group>";
		};
/* End PBXGroup section */

/* Begin PBXNativeTarget section */
		02C7B5452500114200C4A310 /* ImageFilterEditor */ = {
			isa = PBXNativeTarget;
			buildConfigurationList = 02C7B55A2500114A00C4A310 /* Build configuration list for PBXNativeTarget "ImageFilterEditor" */;
			buildPhases = (
				02C7B5422500114200C4A310 /* Sources */,
				02C7B5432500114200C4A310 /* Frameworks */,
				02C7B5442500114200C4A310 /* Resources */,
			);
			buildRules = (
			);
			dependencies = (
			);
			name = ImageFilterEditor;
			productName = ImageFilterEditor;
			productReference = 02C7B5462500114200C4A310 /* ImageFilterEditor.app */;
			productType = "com.apple.product-type.application";
		};
/* End PBXNativeTarget section */

/* Begin PBXProject section */
		02C7B53E2500114200C4A310 /* Project object */ = {
			isa = PBXProject;
			attributes = {
				LastSwiftUpdateCheck = 1150;
				LastUpgradeCheck = 1150;
				ORGANIZATIONNAME = "Morgan Smith";
				TargetAttributes = {
					02C7B5452500114200C4A310 = {
						CreatedOnToolsVersion = 11.5;
					};
				};
			};
			buildConfigurationList = 02C7B5412500114200C4A310 /* Build configuration list for PBXProject "ImageFilterEditor" */;
			compatibilityVersion = "Xcode 9.3";
			developmentRegion = en;
			hasScannedForEncodings = 0;
			knownRegions = (
				en,
				Base,
			);
			mainGroup = 02C7B53D2500114200C4A310;
			productRefGroup = 02C7B5472500114200C4A310 /* Products */;
			projectDirPath = "";
			projectRoot = "";
			targets = (
				02C7B5452500114200C4A310 /* ImageFilterEditor */,
			);
		};
/* End PBXProject section */

/* Begin PBXResourcesBuildPhase section */
		02C7B5442500114200C4A310 /* Resources */ = {
			isa = PBXResourcesBuildPhase;
			buildActionMask = 2147483647;
			files = (
				02C7B5562500114A00C4A310 /* LaunchScreen.storyboard in Resources */,
				02C7B5532500114A00C4A310 /* Assets.xcassets in Resources */,
				02C7B5512500114200C4A310 /* Main.storyboard in Resources */,
			);
			runOnlyForDeploymentPostprocessing = 0;
		};
/* End PBXResourcesBuildPhase section */

/* Begin PBXSourcesBuildPhase section */
		02C7B5422500114200C4A310 /* Sources */ = {
			isa = PBXSourcesBuildPhase;
			buildActionMask = 2147483647;
			files = (
				02C7B56625001E4300C4A310 /* BlurViewController.swift in Sources */,
				02C7B572250140EB00C4A310 /* ColorInvertViewController.swift in Sources */,
				02C7B54A2500114200C4A310 /* AppDelegate.swift in Sources */,
				02C7B56A25001E9E00C4A310 /* ColorViewController.swift in Sources */,
				02C7B56025001AF000C4A310 /* UIImage+Scaling.swift in Sources */,
				02C7B55E2500132300C4A310 /* ImagePostViewController.swift in Sources */,
				02C7B56C25001EBE00C4A310 /* DistortionViewController.swift in Sources */,
				02C7B54C2500114200C4A310 /* SceneDelegate.swift in Sources */,
				02C7B57025001EE600C4A310 /* SharpenViewController.swift in Sources */,
				02C7B56225001CD900C4A310 /* Image+Ratio.swift in Sources */,
				02C7B56425001DDB00C4A310 /* UIViewController+InformationalAlert.swift in Sources */,
			);
			runOnlyForDeploymentPostprocessing = 0;
		};
/* End PBXSourcesBuildPhase section */

/* Begin PBXVariantGroup section */
		02C7B54F2500114200C4A310 /* Main.storyboard */ = {
			isa = PBXVariantGroup;
			children = (
				02C7B5502500114200C4A310 /* Base */,
			);
			name = Main.storyboard;
			sourceTree = "<group>";
		};
		02C7B5542500114A00C4A310 /* LaunchScreen.storyboard */ = {
			isa = PBXVariantGroup;
			children = (
				02C7B5552500114A00C4A310 /* Base */,
			);
			name = LaunchScreen.storyboard;
			sourceTree = "<group>";
		};
/* End PBXVariantGroup section */

/* Begin XCBuildConfiguration section */
		02C7B5582500114A00C4A310 /* Debug */ = {
			isa = XCBuildConfiguration;
			buildSettings = {
				ALWAYS_SEARCH_USER_PATHS = NO;
				CLANG_ANALYZER_NONNULL = YES;
				CLANG_ANALYZER_NUMBER_OBJECT_CONVERSION = YES_AGGRESSIVE;
				CLANG_CXX_LANGUAGE_STANDARD = "gnu++14";
				CLANG_CXX_LIBRARY = "libc++";
				CLANG_ENABLE_MODULES = YES;
				CLANG_ENABLE_OBJC_ARC = YES;
				CLANG_ENABLE_OBJC_WEAK = YES;
				CLANG_WARN_BLOCK_CAPTURE_AUTORELEASING = YES;
				CLANG_WARN_BOOL_CONVERSION = YES;
				CLANG_WARN_COMMA = YES;
				CLANG_WARN_CONSTANT_CONVERSION = YES;
				CLANG_WARN_DEPRECATED_OBJC_IMPLEMENTATIONS = YES;
				CLANG_WARN_DIRECT_OBJC_ISA_USAGE = YES_ERROR;
				CLANG_WARN_DOCUMENTATION_COMMENTS = YES;
				CLANG_WARN_EMPTY_BODY = YES;
				CLANG_WARN_ENUM_CONVERSION = YES;
				CLANG_WARN_INFINITE_RECURSION = YES;
				CLANG_WARN_INT_CONVERSION = YES;
				CLANG_WARN_NON_LITERAL_NULL_CONVERSION = YES;
				CLANG_WARN_OBJC_IMPLICIT_RETAIN_SELF = YES;
				CLANG_WARN_OBJC_LITERAL_CONVERSION = YES;
				CLANG_WARN_OBJC_ROOT_CLASS = YES_ERROR;
				CLANG_WARN_RANGE_LOOP_ANALYSIS = YES;
				CLANG_WARN_STRICT_PROTOTYPES = YES;
				CLANG_WARN_SUSPICIOUS_MOVE = YES;
				CLANG_WARN_UNGUARDED_AVAILABILITY = YES_AGGRESSIVE;
				CLANG_WARN_UNREACHABLE_CODE = YES;
				CLANG_WARN__DUPLICATE_METHOD_MATCH = YES;
				COPY_PHASE_STRIP = NO;
				DEBUG_INFORMATION_FORMAT = dwarf;
				ENABLE_STRICT_OBJC_MSGSEND = YES;
				ENABLE_TESTABILITY = YES;
				GCC_C_LANGUAGE_STANDARD = gnu11;
				GCC_DYNAMIC_NO_PIC = NO;
				GCC_NO_COMMON_BLOCKS = YES;
				GCC_OPTIMIZATION_LEVEL = 0;
				GCC_PREPROCESSOR_DEFINITIONS = (
					"DEBUG=1",
					"$(inherited)",
				);
				GCC_WARN_64_TO_32_BIT_CONVERSION = YES;
				GCC_WARN_ABOUT_RETURN_TYPE = YES_ERROR;
				GCC_WARN_UNDECLARED_SELECTOR = YES;
				GCC_WARN_UNINITIALIZED_AUTOS = YES_AGGRESSIVE;
				GCC_WARN_UNUSED_FUNCTION = YES;
				GCC_WARN_UNUSED_VARIABLE = YES;
				IPHONEOS_DEPLOYMENT_TARGET = 13.5;
				MTL_ENABLE_DEBUG_INFO = INCLUDE_SOURCE;
				MTL_FAST_MATH = YES;
				ONLY_ACTIVE_ARCH = YES;
				SDKROOT = iphoneos;
				SWIFT_ACTIVE_COMPILATION_CONDITIONS = DEBUG;
				SWIFT_OPTIMIZATION_LEVEL = "-Onone";
			};
			name = Debug;
		};
		02C7B5592500114A00C4A310 /* Release */ = {
			isa = XCBuildConfiguration;
			buildSettings = {
				ALWAYS_SEARCH_USER_PATHS = NO;
				CLANG_ANALYZER_NONNULL = YES;
				CLANG_ANALYZER_NUMBER_OBJECT_CONVERSION = YES_AGGRESSIVE;
				CLANG_CXX_LANGUAGE_STANDARD = "gnu++14";
				CLANG_CXX_LIBRARY = "libc++";
				CLANG_ENABLE_MODULES = YES;
				CLANG_ENABLE_OBJC_ARC = YES;
				CLANG_ENABLE_OBJC_WEAK = YES;
				CLANG_WARN_BLOCK_CAPTURE_AUTORELEASING = YES;
				CLANG_WARN_BOOL_CONVERSION = YES;
				CLANG_WARN_COMMA = YES;
				CLANG_WARN_CONSTANT_CONVERSION = YES;
				CLANG_WARN_DEPRECATED_OBJC_IMPLEMENTATIONS = YES;
				CLANG_WARN_DIRECT_OBJC_ISA_USAGE = YES_ERROR;
				CLANG_WARN_DOCUMENTATION_COMMENTS = YES;
				CLANG_WARN_EMPTY_BODY = YES;
				CLANG_WARN_ENUM_CONVERSION = YES;
				CLANG_WARN_INFINITE_RECURSION = YES;
				CLANG_WARN_INT_CONVERSION = YES;
				CLANG_WARN_NON_LITERAL_NULL_CONVERSION = YES;
				CLANG_WARN_OBJC_IMPLICIT_RETAIN_SELF = YES;
				CLANG_WARN_OBJC_LITERAL_CONVERSION = YES;
				CLANG_WARN_OBJC_ROOT_CLASS = YES_ERROR;
				CLANG_WARN_RANGE_LOOP_ANALYSIS = YES;
				CLANG_WARN_STRICT_PROTOTYPES = YES;
				CLANG_WARN_SUSPICIOUS_MOVE = YES;
				CLANG_WARN_UNGUARDED_AVAILABILITY = YES_AGGRESSIVE;
				CLANG_WARN_UNREACHABLE_CODE = YES;
				CLANG_WARN__DUPLICATE_METHOD_MATCH = YES;
				COPY_PHASE_STRIP = NO;
				DEBUG_INFORMATION_FORMAT = "dwarf-with-dsym";
				ENABLE_NS_ASSERTIONS = NO;
				ENABLE_STRICT_OBJC_MSGSEND = YES;
				GCC_C_LANGUAGE_STANDARD = gnu11;
				GCC_NO_COMMON_BLOCKS = YES;
				GCC_WARN_64_TO_32_BIT_CONVERSION = YES;
				GCC_WARN_ABOUT_RETURN_TYPE = YES_ERROR;
				GCC_WARN_UNDECLARED_SELECTOR = YES;
				GCC_WARN_UNINITIALIZED_AUTOS = YES_AGGRESSIVE;
				GCC_WARN_UNUSED_FUNCTION = YES;
				GCC_WARN_UNUSED_VARIABLE = YES;
				IPHONEOS_DEPLOYMENT_TARGET = 13.5;
				MTL_ENABLE_DEBUG_INFO = NO;
				MTL_FAST_MATH = YES;
				SDKROOT = iphoneos;
				SWIFT_COMPILATION_MODE = wholemodule;
				SWIFT_OPTIMIZATION_LEVEL = "-O";
				VALIDATE_PRODUCT = YES;
			};
			name = Release;
		};
		02C7B55B2500114A00C4A310 /* Debug */ = {
			isa = XCBuildConfiguration;
			buildSettings = {
				ASSETCATALOG_COMPILER_APPICON_NAME = AppIcon;
				CODE_SIGN_STYLE = Automatic;
				INFOPLIST_FILE = ImageFilterEditor/Info.plist;
				LD_RUNPATH_SEARCH_PATHS = (
					"$(inherited)",
					"@executable_path/Frameworks",
				);
				PRODUCT_BUNDLE_IDENTIFIER = com.morgansmith.ImageFilterEditor;
				PRODUCT_NAME = "$(TARGET_NAME)";
				SWIFT_VERSION = 5.0;
				TARGETED_DEVICE_FAMILY = "1,2";
			};
			name = Debug;
		};
		02C7B55C2500114A00C4A310 /* Release */ = {
			isa = XCBuildConfiguration;
			buildSettings = {
				ASSETCATALOG_COMPILER_APPICON_NAME = AppIcon;
				CODE_SIGN_STYLE = Automatic;
				INFOPLIST_FILE = ImageFilterEditor/Info.plist;
				LD_RUNPATH_SEARCH_PATHS = (
					"$(inherited)",
					"@executable_path/Frameworks",
				);
				PRODUCT_BUNDLE_IDENTIFIER = com.morgansmith.ImageFilterEditor;
				PRODUCT_NAME = "$(TARGET_NAME)";
				SWIFT_VERSION = 5.0;
				TARGETED_DEVICE_FAMILY = "1,2";
			};
			name = Release;
		};
/* End XCBuildConfiguration section */

/* Begin XCConfigurationList section */
		02C7B5412500114200C4A310 /* Build configuration list for PBXProject "ImageFilterEditor" */ = {
			isa = XCConfigurationList;
			buildConfigurations = (
				02C7B5582500114A00C4A310 /* Debug */,
				02C7B5592500114A00C4A310 /* Release */,
			);
			defaultConfigurationIsVisible = 0;
			defaultConfigurationName = Release;
		};
		02C7B55A2500114A00C4A310 /* Build configuration list for PBXNativeTarget "ImageFilterEditor" */ = {
			isa = XCConfigurationList;
			buildConfigurations = (
				02C7B55B2500114A00C4A310 /* Debug */,
				02C7B55C2500114A00C4A310 /* Release */,
			);
			defaultConfigurationIsVisible = 0;
			defaultConfigurationName = Release;
		};
/* End XCConfigurationList section */
	};
	rootObject = 02C7B53E2500114200C4A310 /* Project object */;
}
