// !$*UTF8*$!
{
	archiveVersion = 1;
	classes = {
	};
	objectVersion = 50;
	objects = {

/* Begin PBXBuildFile section */
		C468B60E24859F810029C1CF /* AppDelegate.swift in Sources */ = {isa = PBXBuildFile; fileRef = C468B60D24859F810029C1CF /* AppDelegate.swift */; };
		C468B61024859F810029C1CF /* SceneDelegate.swift in Sources */ = {isa = PBXBuildFile; fileRef = C468B60F24859F810029C1CF /* SceneDelegate.swift */; };
		C468B61224859F810029C1CF /* ViewController.swift in Sources */ = {isa = PBXBuildFile; fileRef = C468B61124859F810029C1CF /* ViewController.swift */; };
		C468B61524859F810029C1CF /* Main.storyboard in Resources */ = {isa = PBXBuildFile; fileRef = C468B61324859F810029C1CF /* Main.storyboard */; };
		C468B61724859F860029C1CF /* Assets.xcassets in Resources */ = {isa = PBXBuildFile; fileRef = C468B61624859F860029C1CF /* Assets.xcassets */; };
		C468B61A24859F860029C1CF /* LaunchScreen.storyboard in Resources */ = {isa = PBXBuildFile; fileRef = C468B61824859F860029C1CF /* LaunchScreen.storyboard */; };
		C468B6222485B0610029C1CF /* ImagePostViewController.swift in Sources */ = {isa = PBXBuildFile; fileRef = C468B6212485B0610029C1CF /* ImagePostViewController.swift */; };
/* End PBXBuildFile section */

/* Begin PBXFileReference section */
		C468B60A24859F810029C1CF /* ImageFilterEditor.app */ = {isa = PBXFileReference; explicitFileType = wrapper.application; includeInIndex = 0; path = ImageFilterEditor.app; sourceTree = BUILT_PRODUCTS_DIR; };
		C468B60D24859F810029C1CF /* AppDelegate.swift */ = {isa = PBXFileReference; lastKnownFileType = sourcecode.swift; path = AppDelegate.swift; sourceTree = "<group>"; };
		C468B60F24859F810029C1CF /* SceneDelegate.swift */ = {isa = PBXFileReference; lastKnownFileType = sourcecode.swift; path = SceneDelegate.swift; sourceTree = "<group>"; };
		C468B61124859F810029C1CF /* ViewController.swift */ = {isa = PBXFileReference; lastKnownFileType = sourcecode.swift; path = ViewController.swift; sourceTree = "<group>"; };
		C468B61424859F810029C1CF /* Base */ = {isa = PBXFileReference; lastKnownFileType = file.storyboard; name = Base; path = Base.lproj/Main.storyboard; sourceTree = "<group>"; };
		C468B61624859F860029C1CF /* Assets.xcassets */ = {isa = PBXFileReference; lastKnownFileType = folder.assetcatalog; path = Assets.xcassets; sourceTree = "<group>"; };
		C468B61924859F860029C1CF /* Base */ = {isa = PBXFileReference; lastKnownFileType = file.storyboard; name = Base; path = Base.lproj/LaunchScreen.storyboard; sourceTree = "<group>"; };
		C468B61B24859F860029C1CF /* Info.plist */ = {isa = PBXFileReference; lastKnownFileType = text.plist.xml; path = Info.plist; sourceTree = "<group>"; };
		C468B6212485B0610029C1CF /* ImagePostViewController.swift */ = {isa = PBXFileReference; lastKnownFileType = sourcecode.swift; path = ImagePostViewController.swift; sourceTree = "<group>"; };
/* End PBXFileReference section */

/* Begin PBXFrameworksBuildPhase section */
		C468B60724859F810029C1CF /* Frameworks */ = {
			isa = PBXFrameworksBuildPhase;
			buildActionMask = 2147483647;
			files = (
			);
			runOnlyForDeploymentPostprocessing = 0;
		};
/* End PBXFrameworksBuildPhase section */

/* Begin PBXGroup section */
		C468B60124859F810029C1CF = {
			isa = PBXGroup;
			children = (
				C468B60C24859F810029C1CF /* ImageFilterEditor */,
				C468B60B24859F810029C1CF /* Products */,
			);
			sourceTree = "<group>";
		};
		C468B60B24859F810029C1CF /* Products */ = {
			isa = PBXGroup;
			children = (
				C468B60A24859F810029C1CF /* ImageFilterEditor.app */,
			);
			name = Products;
			sourceTree = "<group>";
		};
		C468B60C24859F810029C1CF /* ImageFilterEditor */ = {
			isa = PBXGroup;
			children = (
				C468B60D24859F810029C1CF /* AppDelegate.swift */,
				C468B60F24859F810029C1CF /* SceneDelegate.swift */,
				C468B61124859F810029C1CF /* ViewController.swift */,
				C468B61324859F810029C1CF /* Main.storyboard */,
				C468B61624859F860029C1CF /* Assets.xcassets */,
				C468B61824859F860029C1CF /* LaunchScreen.storyboard */,
				C468B61B24859F860029C1CF /* Info.plist */,
				C468B6212485B0610029C1CF /* ImagePostViewController.swift */,
			);
			path = ImageFilterEditor;
			sourceTree = "<group>";
		};
/* End PBXGroup section */

/* Begin PBXNativeTarget section */
		C468B60924859F810029C1CF /* ImageFilterEditor */ = {
			isa = PBXNativeTarget;
			buildConfigurationList = C468B61E24859F860029C1CF /* Build configuration list for PBXNativeTarget "ImageFilterEditor" */;
			buildPhases = (
				C468B60624859F810029C1CF /* Sources */,
				C468B60724859F810029C1CF /* Frameworks */,
				C468B60824859F810029C1CF /* Resources */,
			);
			buildRules = (
			);
			dependencies = (
			);
			name = ImageFilterEditor;
			productName = ImageFilterEditor;
			productReference = C468B60A24859F810029C1CF /* ImageFilterEditor.app */;
			productType = "com.apple.product-type.application";
		};
/* End PBXNativeTarget section */

/* Begin PBXProject section */
		C468B60224859F810029C1CF /* Project object */ = {
			isa = PBXProject;
			attributes = {
				LastSwiftUpdateCheck = 1140;
				LastUpgradeCheck = 1140;
				ORGANIZATIONNAME = "Bradley Diroff";
				TargetAttributes = {
					C468B60924859F810029C1CF = {
						CreatedOnToolsVersion = 11.4.1;
					};
				};
			};
			buildConfigurationList = C468B60524859F810029C1CF /* Build configuration list for PBXProject "ImageFilterEditor" */;
			compatibilityVersion = "Xcode 9.3";
			developmentRegion = en;
			hasScannedForEncodings = 0;
			knownRegions = (
				en,
				Base,
			);
			mainGroup = C468B60124859F810029C1CF;
			productRefGroup = C468B60B24859F810029C1CF /* Products */;
			projectDirPath = "";
			projectRoot = "";
			targets = (
				C468B60924859F810029C1CF /* ImageFilterEditor */,
			);
		};
/* End PBXProject section */

/* Begin PBXResourcesBuildPhase section */
		C468B60824859F810029C1CF /* Resources */ = {
			isa = PBXResourcesBuildPhase;
			buildActionMask = 2147483647;
			files = (
				C468B61A24859F860029C1CF /* LaunchScreen.storyboard in Resources */,
				C468B61724859F860029C1CF /* Assets.xcassets in Resources */,
				C468B61524859F810029C1CF /* Main.storyboard in Resources */,
			);
			runOnlyForDeploymentPostprocessing = 0;
		};
/* End PBXResourcesBuildPhase section */

/* Begin PBXSourcesBuildPhase section */
		C468B60624859F810029C1CF /* Sources */ = {
			isa = PBXSourcesBuildPhase;
			buildActionMask = 2147483647;
			files = (
				C468B6222485B0610029C1CF /* ImagePostViewController.swift in Sources */,
				C468B61224859F810029C1CF /* ViewController.swift in Sources */,
				C468B60E24859F810029C1CF /* AppDelegate.swift in Sources */,
				C468B61024859F810029C1CF /* SceneDelegate.swift in Sources */,
			);
			runOnlyForDeploymentPostprocessing = 0;
		};
/* End PBXSourcesBuildPhase section */

/* Begin PBXVariantGroup section */
		C468B61324859F810029C1CF /* Main.storyboard */ = {
			isa = PBXVariantGroup;
			children = (
				C468B61424859F810029C1CF /* Base */,
			);
			name = Main.storyboard;
			sourceTree = "<group>";
		};
		C468B61824859F860029C1CF /* LaunchScreen.storyboard */ = {
			isa = PBXVariantGroup;
			children = (
				C468B61924859F860029C1CF /* Base */,
			);
			name = LaunchScreen.storyboard;
			sourceTree = "<group>";
		};
/* End PBXVariantGroup section */

/* Begin XCBuildConfiguration section */
		C468B61C24859F860029C1CF /* Debug */ = {
			isa = XCBuildConfiguration;
			buildSettings = {
				ALWAYS_SEARCH_USER_PATHS = NO;
				CLANG_ANALYZER_NONNULL = YES;
				CLANG_ANALYZER_NUMBER_OBJECT_CONVERSION = YES_AGGRESSIVE;
				CLANG_CXX_LANGUAGE_STANDARD = "gnu++14";
				CLANG_CXX_LIBRARY = "libc++";
				CLANG_ENABLE_MODULES = YES;
				CLANG_ENABLE_OBJC_ARC = YES;
				CLANG_ENABLE_OBJC_WEAK = YES;
				CLANG_WARN_BLOCK_CAPTURE_AUTORELEASING = YES;
				CLANG_WARN_BOOL_CONVERSION = YES;
				CLANG_WARN_COMMA = YES;
				CLANG_WARN_CONSTANT_CONVERSION = YES;
				CLANG_WARN_DEPRECATED_OBJC_IMPLEMENTATIONS = YES;
				CLANG_WARN_DIRECT_OBJC_ISA_USAGE = YES_ERROR;
				CLANG_WARN_DOCUMENTATION_COMMENTS = YES;
				CLANG_WARN_EMPTY_BODY = YES;
				CLANG_WARN_ENUM_CONVERSION = YES;
				CLANG_WARN_INFINITE_RECURSION = YES;
				CLANG_WARN_INT_CONVERSION = YES;
				CLANG_WARN_NON_LITERAL_NULL_CONVERSION = YES;
				CLANG_WARN_OBJC_IMPLICIT_RETAIN_SELF = YES;
				CLANG_WARN_OBJC_LITERAL_CONVERSION = YES;
				CLANG_WARN_OBJC_ROOT_CLASS = YES_ERROR;
				CLANG_WARN_RANGE_LOOP_ANALYSIS = YES;
				CLANG_WARN_STRICT_PROTOTYPES = YES;
				CLANG_WARN_SUSPICIOUS_MOVE = YES;
				CLANG_WARN_UNGUARDED_AVAILABILITY = YES_AGGRESSIVE;
				CLANG_WARN_UNREACHABLE_CODE = YES;
				CLANG_WARN__DUPLICATE_METHOD_MATCH = YES;
				COPY_PHASE_STRIP = NO;
				DEBUG_INFORMATION_FORMAT = dwarf;
				ENABLE_STRICT_OBJC_MSGSEND = YES;
				ENABLE_TESTABILITY = YES;
				GCC_C_LANGUAGE_STANDARD = gnu11;
				GCC_DYNAMIC_NO_PIC = NO;
				GCC_NO_COMMON_BLOCKS = YES;
				GCC_OPTIMIZATION_LEVEL = 0;
				GCC_PREPROCESSOR_DEFINITIONS = (
					"DEBUG=1",
					"$(inherited)",
				);
				GCC_WARN_64_TO_32_BIT_CONVERSION = YES;
				GCC_WARN_ABOUT_RETURN_TYPE = YES_ERROR;
				GCC_WARN_UNDECLARED_SELECTOR = YES;
				GCC_WARN_UNINITIALIZED_AUTOS = YES_AGGRESSIVE;
				GCC_WARN_UNUSED_FUNCTION = YES;
				GCC_WARN_UNUSED_VARIABLE = YES;
				IPHONEOS_DEPLOYMENT_TARGET = 13.4;
				MTL_ENABLE_DEBUG_INFO = INCLUDE_SOURCE;
				MTL_FAST_MATH = YES;
				ONLY_ACTIVE_ARCH = YES;
				SDKROOT = iphoneos;
				SWIFT_ACTIVE_COMPILATION_CONDITIONS = DEBUG;
				SWIFT_OPTIMIZATION_LEVEL = "-Onone";
			};
			name = Debug;
		};
		C468B61D24859F860029C1CF /* Release */ = {
			isa = XCBuildConfiguration;
			buildSettings = {
				ALWAYS_SEARCH_USER_PATHS = NO;
				CLANG_ANALYZER_NONNULL = YES;
				CLANG_ANALYZER_NUMBER_OBJECT_CONVERSION = YES_AGGRESSIVE;
				CLANG_CXX_LANGUAGE_STANDARD = "gnu++14";
				CLANG_CXX_LIBRARY = "libc++";
				CLANG_ENABLE_MODULES = YES;
				CLANG_ENABLE_OBJC_ARC = YES;
				CLANG_ENABLE_OBJC_WEAK = YES;
				CLANG_WARN_BLOCK_CAPTURE_AUTORELEASING = YES;
				CLANG_WARN_BOOL_CONVERSION = YES;
				CLANG_WARN_COMMA = YES;
				CLANG_WARN_CONSTANT_CONVERSION = YES;
				CLANG_WARN_DEPRECATED_OBJC_IMPLEMENTATIONS = YES;
				CLANG_WARN_DIRECT_OBJC_ISA_USAGE = YES_ERROR;
				CLANG_WARN_DOCUMENTATION_COMMENTS = YES;
				CLANG_WARN_EMPTY_BODY = YES;
				CLANG_WARN_ENUM_CONVERSION = YES;
				CLANG_WARN_INFINITE_RECURSION = YES;
				CLANG_WARN_INT_CONVERSION = YES;
				CLANG_WARN_NON_LITERAL_NULL_CONVERSION = YES;
				CLANG_WARN_OBJC_IMPLICIT_RETAIN_SELF = YES;
				CLANG_WARN_OBJC_LITERAL_CONVERSION = YES;
				CLANG_WARN_OBJC_ROOT_CLASS = YES_ERROR;
				CLANG_WARN_RANGE_LOOP_ANALYSIS = YES;
				CLANG_WARN_STRICT_PROTOTYPES = YES;
				CLANG_WARN_SUSPICIOUS_MOVE = YES;
				CLANG_WARN_UNGUARDED_AVAILABILITY = YES_AGGRESSIVE;
				CLANG_WARN_UNREACHABLE_CODE = YES;
				CLANG_WARN__DUPLICATE_METHOD_MATCH = YES;
				COPY_PHASE_STRIP = NO;
				DEBUG_INFORMATION_FORMAT = "dwarf-with-dsym";
				ENABLE_NS_ASSERTIONS = NO;
				ENABLE_STRICT_OBJC_MSGSEND = YES;
				GCC_C_LANGUAGE_STANDARD = gnu11;
				GCC_NO_COMMON_BLOCKS = YES;
				GCC_WARN_64_TO_32_BIT_CONVERSION = YES;
				GCC_WARN_ABOUT_RETURN_TYPE = YES_ERROR;
				GCC_WARN_UNDECLARED_SELECTOR = YES;
				GCC_WARN_UNINITIALIZED_AUTOS = YES_AGGRESSIVE;
				GCC_WARN_UNUSED_FUNCTION = YES;
				GCC_WARN_UNUSED_VARIABLE = YES;
				IPHONEOS_DEPLOYMENT_TARGET = 13.4;
				MTL_ENABLE_DEBUG_INFO = NO;
				MTL_FAST_MATH = YES;
				SDKROOT = iphoneos;
				SWIFT_COMPILATION_MODE = wholemodule;
				SWIFT_OPTIMIZATION_LEVEL = "-O";
				VALIDATE_PRODUCT = YES;
			};
			name = Release;
		};
		C468B61F24859F860029C1CF /* Debug */ = {
			isa = XCBuildConfiguration;
			buildSettings = {
				ASSETCATALOG_COMPILER_APPICON_NAME = AppIcon;
				CODE_SIGN_STYLE = Automatic;
				DEVELOPMENT_TEAM = ZTTC6J4225;
				INFOPLIST_FILE = ImageFilterEditor/Info.plist;
				LD_RUNPATH_SEARCH_PATHS = (
					"$(inherited)",
					"@executable_path/Frameworks",
				);
				PRODUCT_BUNDLE_IDENTIFIER = com.yesTime.ImageFilterEditor;
				PRODUCT_NAME = "$(TARGET_NAME)";
				SWIFT_VERSION = 5.0;
				TARGETED_DEVICE_FAMILY = "1,2";
			};
			name = Debug;
		};
		C468B62024859F860029C1CF /* Release */ = {
			isa = XCBuildConfiguration;
			buildSettings = {
				ASSETCATALOG_COMPILER_APPICON_NAME = AppIcon;
				CODE_SIGN_STYLE = Automatic;
				DEVELOPMENT_TEAM = ZTTC6J4225;
				INFOPLIST_FILE = ImageFilterEditor/Info.plist;
				LD_RUNPATH_SEARCH_PATHS = (
					"$(inherited)",
					"@executable_path/Frameworks",
				);
				PRODUCT_BUNDLE_IDENTIFIER = com.yesTime.ImageFilterEditor;
				PRODUCT_NAME = "$(TARGET_NAME)";
				SWIFT_VERSION = 5.0;
				TARGETED_DEVICE_FAMILY = "1,2";
			};
			name = Release;
		};
/* End XCBuildConfiguration section */

/* Begin XCConfigurationList section */
		C468B60524859F810029C1CF /* Build configuration list for PBXProject "ImageFilterEditor" */ = {
			isa = XCConfigurationList;
			buildConfigurations = (
				C468B61C24859F860029C1CF /* Debug */,
				C468B61D24859F860029C1CF /* Release */,
			);
			defaultConfigurationIsVisible = 0;
			defaultConfigurationName = Release;
		};
		C468B61E24859F860029C1CF /* Build configuration list for PBXNativeTarget "ImageFilterEditor" */ = {
			isa = XCConfigurationList;
			buildConfigurations = (
				C468B61F24859F860029C1CF /* Debug */,
				C468B62024859F860029C1CF /* Release */,
			);
			defaultConfigurationIsVisible = 0;
			defaultConfigurationName = Release;
		};
/* End XCConfigurationList section */
	};
	rootObject = C468B60224859F810029C1CF /* Project object */;
}
